<?xml version="1.0" encoding="UTF-8"?>
<Project ToolsVersion="15.0" xmlns="http://schemas.microsoft.com/developer/msbuild/2003">
  <ItemGroup>
    <CustomBuild Include="C:\VulkanSDK\spirv-tools\source\CMakeLists.txt" />
    <CustomBuild Include="C:\Projects\Tracy\Source\spirvtools\CMakeFiles\3f0b71df6fbd715ea48d36f5726ff5ad\spv-amd-shader-ballot.insts.inc.rule">
      <Filter>CMake Rules</Filter>
    </CustomBuild>
    <CustomBuild Include="C:\Projects\Tracy\Source\spirvtools\CMakeFiles\f76f1ffdf3718cffd0186afd9c953033\spirv-tools-spv-amd-shader-ballot.rule">
      <Filter>CMake Rules</Filter>
    </CustomBuild>
  </ItemGroup>
  <ItemGroup>
    <None Include="C:\Projects\Tracy\Source\spirvtools\source\CMakeFiles\spirv-tools-spv-amd-shader-ballot" />
  </ItemGroup>
  <ItemGroup>
    <Filter Include="CMake Rules">
      <UniqueIdentifier>{E265450B-A140-3D4B-AC10-6D81B23BB1D7}</UniqueIdentifier>
    </Filter>
  </ItemGroup>
</Project>
