<?xml version="1.0" encoding="utf-8"?>
<Project ToolsVersion="4.0" xmlns="http://schemas.microsoft.com/developer/msbuild/2003">
  <ItemGroup>
    <Filter Include="Source Files">
      <UniqueIdentifier>{4FC737F1-C7A5-4376-A066-2A32D752A2FF}</UniqueIdentifier>
      <Extensions>cpp;c;cc;cxx;def;odl;idl;hpj;bat;asm;asmx</Extensions>
    </Filter>
    <Filter Include="Header Files">
      <UniqueIdentifier>{93995380-89BD-4b04-88EB-625FBE52EBFB}</UniqueIdentifier>
      <Extensions>h;hh;hpp;hxx;hm;inl;inc;xsd</Extensions>
    </Filter>
    <Filter Include="Resource Files">
      <UniqueIdentifier>{D9D6E242-F8AF-46E4-B9FD-80ECBC20BA3E}</UniqueIdentifier>
      <Extensions>qrc;*</Extensions>
      <ParseFiles>false</ParseFiles>
    </Filter>
    <Filter Include="Form Files">
      <UniqueIdentifier>{99349809-55BA-4b9d-BF79-8FDBB0286EB3}</UniqueIdentifier>
      <Extensions>ui</Extensions>
    </Filter>
    <Filter Include="Resource Files">
      <UniqueIdentifier>{D9D6E242-F8AF-46E4-B9FD-80ECBC20BA3E}</UniqueIdentifier>
      <Extensions>qrc;*</Extensions>
      <ParseFiles>false</ParseFiles>
    </Filter>
    <Filter Include="Generated Files">
      <UniqueIdentifier>{71ED8ED8-ACB9-4CE9-BBE1-E00B30144E11}</UniqueIdentifier>
      <Extensions>moc;h;cpp</Extensions>
      <SourceControlFiles>False</SourceControlFiles>
    </Filter>
    <Filter Include="Display">
      <UniqueIdentifier>{4205237b-f428-429c-8b94-21ca5e8be754}</UniqueIdentifier>
    </Filter>
    <Filter Include="Display\SPIRV">
      <UniqueIdentifier>{eb5241c0-030a-4794-860c-cf20e6b558af}</UniqueIdentifier>
    </Filter>
  </ItemGroup>
  <ItemGroup>
    <ClCompile Include="main.cpp">
      <Filter>Source Files</Filter>
    </ClCompile>
    <ClCompile Include="TracyApp.cpp">
      <Filter>Source Files</Filter>
    </ClCompile>
    <ClCompile Include="GeneratedFiles\Debug\moc_TracyApp.cpp">
      <Filter>Generated Files</Filter>
    </ClCompile>
    <ClCompile Include="GeneratedFiles\Release\moc_TracyApp.cpp">
      <Filter>Generated Files</Filter>
    </ClCompile>
    <ClCompile Include="GeneratedFiles\qrc_TracyApp.cpp">
      <Filter>Generated Files</Filter>
    </ClCompile>
    <ClCompile Include="VulkanDevice.cpp">
      <Filter>Display</Filter>
    </ClCompile>
    <ClCompile Include="VulkanInitializer.cpp">
      <Filter>Display</Filter>
    </ClCompile>
    <ClCompile Include="SPIRVModule.cpp">
      <Filter>Display\SPIRV</Filter>
    </ClCompile>
    <ClCompile Include="SPIRVInstruction.cpp">
      <Filter>Display\SPIRV</Filter>
    </ClCompile>
    <ClCompile Include="SPIRVType.cpp">
      <Filter>Display\SPIRV</Filter>
    </ClCompile>
    <ClCompile Include="SPIRVTypeResolver.cpp">
      <Filter>Display\SPIRV</Filter>
    </ClCompile>
    <ClCompile Include="SPIRVConstant.cpp">
      <Filter>Display\SPIRV</Filter>
    </ClCompile>
    <ClCompile Include="SPIRVVariable.cpp">
      <Filter>Display\SPIRV</Filter>
    </ClCompile>
    <ClCompile Include="SPIRVOperation.cpp">
      <Filter>Display\SPIRV</Filter>
    </ClCompile>
    <ClCompile Include="SPIRVAssembler.cpp">
      <Filter>Display\SPIRV</Filter>
    </ClCompile>
  </ItemGroup>
  <ItemGroup>
    <CustomBuild Include="TracyApp.h">
      <Filter>Header Files</Filter>
    </CustomBuild>
    <CustomBuild Include="TracyApp.ui">
      <Filter>Form Files</Filter>
    </CustomBuild>
    <CustomBuild Include="TracyApp.qrc">
      <Filter>Resource Files</Filter>
    </CustomBuild>
  </ItemGroup>
  <ItemGroup>
    <ClInclude Include="GeneratedFiles\ui_TracyApp.h">
      <Filter>Generated Files</Filter>
    </ClInclude>
    <ClInclude Include="VulkanInitializer.h">
      <Filter>Display</Filter>
    </ClInclude>
    <ClInclude Include="VulkanAPI.h">
      <Filter>Display</Filter>
    </ClInclude>
    <ClInclude Include="VulkanDevice.h">
      <Filter>Display</Filter>
    </ClInclude>
    <ClInclude Include="SPIRVModule.h">
      <Filter>Display\SPIRV</Filter>
    </ClInclude>
    <ClInclude Include="SPIRVInstruction.h">
      <Filter>Display\SPIRV</Filter>
    </ClInclude>
    <ClInclude Include="SPIRVType.h">
      <Filter>Display\SPIRV</Filter>
    </ClInclude>
    <ClInclude Include="SPIRVTypeResolver.h">
      <Filter>Display\SPIRV</Filter>
    </ClInclude>
    <ClInclude Include="SPIRVConstant.h">
      <Filter>Display\SPIRV</Filter>
    </ClInclude>
    <ClInclude Include="SPIRVProgram.h">
      <Filter>Display\SPIRV</Filter>
    </ClInclude>
    <ClInclude Include="SPIRVVariable.h">
      <Filter>Display\SPIRV</Filter>
    </ClInclude>
    <ClInclude Include="SPIRVOperation.h">
      <Filter>Display\SPIRV</Filter>
    </ClInclude>
    <ClInclude Include="GLM.h">
      <Filter>Display</Filter>
    </ClInclude>
    <ClInclude Include="SPIRVAssembler.h">
      <Filter>Display\SPIRV</Filter>
    </ClInclude>
    <ClInclude Include="SPIRVOperatorImpl.h">
      <Filter>Display\SPIRV</Filter>
    </ClInclude>
    <ClInclude Include="ExampleProg.h">
      <Filter>Header Files</Filter>
    </ClInclude>
    <ClInclude Include="SPIRVBranchNode.h">
      <Filter>Display\SPIRV</Filter>
    </ClInclude>
    <ClInclude Include="SPIRVStruct.h">
      <Filter>Display\SPIRV</Filter>
    </ClInclude>
  </ItemGroup>
</Project>