<?xml version="1.0" encoding="utf-8"?>
<Project ToolsVersion="4.0" xmlns="http://schemas.microsoft.com/developer/msbuild/2003">
  <ItemGroup>
    <Filter Include="Display">
      <UniqueIdentifier>{a2da06c9-9161-4f18-9106-82ca174d08ef}</UniqueIdentifier>
    </Filter>
    <Filter Include="Platform">
      <UniqueIdentifier>{b68b3389-0be0-40fe-86fd-5dac7e55a721}</UniqueIdentifier>
    </Filter>
    <Filter Include="Display\DX12">
      <UniqueIdentifier>{043e1504-f539-4b50-9cb3-6a6381d7a32f}</UniqueIdentifier>
    </Filter>
    <Filter Include="Display\Vulkan">
      <UniqueIdentifier>{796011bc-ac13-4f44-bf0e-21b7fb1e3a17}</UniqueIdentifier>
    </Filter>
    <Filter Include="Platform\Win32">
      <UniqueIdentifier>{dbf2e6f9-f616-4431-83e2-90f5151c1a0b}</UniqueIdentifier>
    </Filter>
    <Filter Include="Display\Vulkan\Resource">
      <UniqueIdentifier>{ff9ec89f-3a3d-4885-9b12-6dec031adae2}</UniqueIdentifier>
    </Filter>
    <Filter Include="Display\Vulkan\SPIRVInterop">
      <UniqueIdentifier>{08bfe04c-a25b-433a-8f62-a0b740b9d1c2}</UniqueIdentifier>
    </Filter>
    <Filter Include="Async">
      <UniqueIdentifier>{508c06d5-265e-4eb5-b8f4-9155abf38367}</UniqueIdentifier>
    </Filter>
    <Filter Include="Display\Vulkan\Renderer">
      <UniqueIdentifier>{3d3f6b65-a7da-4c58-ab0b-8b627ba3005c}</UniqueIdentifier>
    </Filter>
    <Filter Include="Datastructures">
      <UniqueIdentifier>{f054180f-5d50-4ce6-8ffa-a9b862f21165}</UniqueIdentifier>
    </Filter>
    <Filter Include="Plugin">
      <UniqueIdentifier>{46dcf5ef-5c6b-4ac3-adcd-30150658ec89}</UniqueIdentifier>
    </Filter>
    <Filter Include="Scene">
      <UniqueIdentifier>{b136ddd6-256d-4cac-a2d4-1ba46b13d0c8}</UniqueIdentifier>
    </Filter>
  </ItemGroup>
  <ItemGroup>
    <ClInclude Include="Display\IGraphicsInstance.h">
      <Filter>Display</Filter>
    </ClInclude>
    <ClInclude Include="Display\DX12\DX12API.h">
      <Filter>Display\DX12</Filter>
    </ClInclude>
    <ClInclude Include="Display\DX12\DX12Device.h">
      <Filter>Display\DX12</Filter>
    </ClInclude>
    <ClInclude Include="Display\DX12\DX12Instance.h">
      <Filter>Display\DX12</Filter>
    </ClInclude>
    <ClInclude Include="Display\Vulkan\VulkanAPI.h">
      <Filter>Display\Vulkan</Filter>
    </ClInclude>
    <ClInclude Include="Display\Vulkan\VulkanDevice.h">
      <Filter>Display\Vulkan</Filter>
    </ClInclude>
    <ClInclude Include="Display\Vulkan\VulkanInstance.h">
      <Filter>Display\Vulkan</Filter>
    </ClInclude>
    <ClInclude Include="Display\Vulkan\VulkanWindow.h">
      <Filter>Display\Vulkan</Filter>
    </ClInclude>
    <ClInclude Include="Platform\IApplication.h">
      <Filter>Platform</Filter>
    </ClInclude>
    <ClInclude Include="Platform\Win32\Win32Application.h">
      <Filter>Platform\Win32</Filter>
    </ClInclude>
    <ClInclude Include="Engine.hpp" />
    <ClInclude Include="Display\DeviceInfo.h">
      <Filter>Display</Filter>
    </ClInclude>
    <ClInclude Include="Display\IDevice.h">
      <Filter>Display</Filter>
    </ClInclude>
    <ClInclude Include="Display\Vulkan\VulkanTexture.h">
      <Filter>Display\Vulkan\Resource</Filter>
    </ClInclude>
    <ClInclude Include="Display\Vulkan\SPIRVInterop.h">
      <Filter>Display\Vulkan\SPIRVInterop</Filter>
    </ClInclude>
    <ClInclude Include="Display\Vulkan\IShaderFactoryConsumer.h">
      <Filter>Display\Vulkan\SPIRVInterop</Filter>
    </ClInclude>
    <ClInclude Include="Display\Vulkan\VulkanRenderPass.h">
      <Filter>Display\Vulkan\Renderer</Filter>
    </ClInclude>
    <ClInclude Include="Async\AsyncTask.h">
      <Filter>Async</Filter>
    </ClInclude>
    <ClInclude Include="Display\RenderPassDescription.h">
      <Filter>Display</Filter>
    </ClInclude>
    <ClInclude Include="Display\DisplayTypes.h">
      <Filter>Display</Filter>
    </ClInclude>
    <ClInclude Include="Display\Vulkan\VulkanRenderGraph.h">
      <Filter>Display\Vulkan\Renderer</Filter>
    </ClInclude>
    <ClInclude Include="Display\Texture.h">
      <Filter>Display</Filter>
    </ClInclude>
    <ClInclude Include="Display\Vulkan\VulkanTypeConversion.h">
      <Filter>Display\Vulkan</Filter>
    </ClInclude>
    <ClInclude Include="Display\Vulkan\VulkanMemoryAllocator.h">
      <Filter>Display\Vulkan</Filter>
    </ClInclude>
    <ClInclude Include="Display\RenderObject.h">
      <Filter>Display</Filter>
    </ClInclude>
    <ClInclude Include="MathTypes.h" />
    <ClInclude Include="Display\Material.h">
      <Filter>Display</Filter>
    </ClInclude>
    <ClInclude Include="Datastructures\SmallObjectPool.h">
      <Filter>Datastructures</Filter>
    </ClInclude>
    <ClInclude Include="Datastructures\BigObjectPool.h">
      <Filter>Datastructures</Filter>
    </ClInclude>
    <ClInclude Include="Datastructures\ConditionalAtomic.h">
      <Filter>Datastructures</Filter>
    </ClInclude>
    <ClInclude Include="Datastructures\RefCounted.h">
      <Filter>Datastructures</Filter>
    </ClInclude>
    <ClInclude Include="Datastructures\Allocators.h">
      <Filter>Datastructures</Filter>
    </ClInclude>
    <ClInclude Include="Plugin\PluginLoader.h">
      <Filter>Plugin</Filter>
    </ClInclude>
    <ClInclude Include="Plugin\IPlugin.h">
      <Filter>Plugin</Filter>
    </ClInclude>
    <ClInclude Include="Display\Vulkan\IShaderFactory.h">
      <Filter>Display\Vulkan\SPIRVInterop</Filter>
    </ClInclude>
    <ClInclude Include="Datastructures\ProtocolParser.h">
      <Filter>Datastructures</Filter>
    </ClInclude>
    <ClInclude Include="Datastructures\BinaryKeyValueStore.h">
      <Filter>Datastructures</Filter>
    </ClInclude>
    <ClInclude Include="Datastructures\BufferSource.h">
      <Filter>Datastructures</Filter>
    </ClInclude>
    <ClInclude Include="Datastructures\BinaryKeyValueBufferSource.h">
      <Filter>Datastructures</Filter>
    </ClInclude>
    <ClInclude Include="Display\ImageSource.h">
      <Filter>Display</Filter>
    </ClInclude>
    <ClInclude Include="Display\GPUBuffer.h">
      <Filter>Display</Filter>
    </ClInclude>
    <ClInclude Include="Display\Vulkan\VulkanBuffer.h">
      <Filter>Display\Vulkan\Resource</Filter>
    </ClInclude>
    <ClInclude Include="Display\Renderer.h">
      <Filter>Display</Filter>
    </ClInclude>
    <ClInclude Include="Display\Vulkan\VulkanRenderer.h">
      <Filter>Display\Vulkan\Renderer</Filter>
    </ClInclude>
    <ClInclude Include="Scene\Scene.h">
      <Filter>Scene</Filter>
    </ClInclude>
    <ClInclude Include="Scene\Camera.h">
      <Filter>Scene</Filter>
    </ClInclude>
    <ClInclude Include="Scene\AABB.h">
      <Filter>Scene</Filter>
    </ClInclude>
    <ClInclude Include="Scene\Frustum.h">
      <Filter>Scene</Filter>
    </ClInclude>
    <ClInclude Include="Scene\Intersection.h">
      <Filter>Scene</Filter>
    </ClInclude>
    <ClInclude Include="Scene\Transform.h">
      <Filter>Scene</Filter>
    </ClInclude>
    <ClInclude Include="Display\Mesh.h">
      <Filter>Display</Filter>
    </ClInclude>
    <ClInclude Include="Display\PrimitiveMeshGenerator.h">
      <Filter>Display</Filter>
    </ClInclude>
    <ClInclude Include="Display\PrimitiveVertices.h">
      <Filter>Display</Filter>
    </ClInclude>
    <ClInclude Include="Display\Vulkan\VulkanPrimitiveMeshGenerator.h">
      <Filter>Display\Vulkan</Filter>
    </ClInclude>
    <ClInclude Include="Scene\SceneDescription.h">
      <Filter>Scene</Filter>
    </ClInclude>
    <ClInclude Include="Display\RenderObjectDescription.h">
      <Filter>Display</Filter>
    </ClInclude>
    <ClInclude Include="Display\Vulkan\VulkanTextureLoader.h">
      <Filter>Display\Vulkan\Resource</Filter>
    </ClInclude>
    <ClInclude Include="Display\Vulkan\VulkanMeshLoader.h">
      <Filter>Display\Vulkan\Resource</Filter>
    </ClInclude>
  </ItemGroup>
  <ItemGroup>
    <ClCompile Include="Display\DX12\DX12Device.cpp">
      <Filter>Display\DX12</Filter>
    </ClCompile>
    <ClCompile Include="Display\DX12\DX12Instance.cpp">
      <Filter>Display\DX12</Filter>
    </ClCompile>
    <ClCompile Include="Display\Vulkan\VulkanDevice.cpp">
      <Filter>Display\Vulkan</Filter>
    </ClCompile>
    <ClCompile Include="Display\Vulkan\VulkanInstance.cpp">
      <Filter>Display\Vulkan</Filter>
    </ClCompile>
    <ClCompile Include="Display\Vulkan\VulkanWindow.cpp">
      <Filter>Display\Vulkan</Filter>
    </ClCompile>
    <ClCompile Include="Display\IDevice.cpp">
      <Filter>Display</Filter>
    </ClCompile>
    <ClCompile Include="Display\Vulkan\IShaderFactoryConsumer.cpp">
      <Filter>Display\Vulkan\SPIRVInterop</Filter>
    </ClCompile>
    <ClCompile Include="Display\Vulkan\VulkanRenderPass.cpp">
      <Filter>Display\Vulkan\Renderer</Filter>
    </ClCompile>
    <ClCompile Include="Display\Vulkan\VulkanRenderGraph.cpp">
      <Filter>Display\Vulkan\Renderer</Filter>
    </ClCompile>
    <ClCompile Include="Display\Vulkan\VulkanTexture.cpp">
      <Filter>Display\Vulkan\Resource</Filter>
    </ClCompile>
    <ClCompile Include="Display\Texture.cpp">
      <Filter>Display</Filter>
    </ClCompile>
    <ClCompile Include="Display\Vulkan\VulkanMemoryAllocator.cpp">
      <Filter>Display\Vulkan</Filter>
    </ClCompile>
    <ClCompile Include="Platform\Win32\Win32Application.cpp">
      <Filter>Platform\Win32</Filter>
    </ClCompile>
    <ClCompile Include="Display\RenderObject.cpp">
      <Filter>Display</Filter>
    </ClCompile>
    <ClCompile Include="Datastructures\BinaryKeyValueStore.cpp">
      <Filter>Datastructures</Filter>
    </ClCompile>
    <ClCompile Include="Datastructures\BinaryKeyValueBufferSource.cpp">
      <Filter>Datastructures</Filter>
    </ClCompile>
    <ClCompile Include="Display\GPUBuffer.cpp">
      <Filter>Display</Filter>
    </ClCompile>
    <ClCompile Include="Display\Vulkan\VulkanBuffer.cpp">
      <Filter>Display\Vulkan\Resource</Filter>
    </ClCompile>
    <ClCompile Include="Platform\IApplication.cpp">
      <Filter>Platform</Filter>
    </ClCompile>
    <ClCompile Include="Display\Vulkan\VulkanRenderer.cpp">
      <Filter>Display\Vulkan\Renderer</Filter>
    </ClCompile>
    <ClCompile Include="Datastructures\BufferSource.cpp">
      <Filter>Datastructures</Filter>
    </ClCompile>
    <ClCompile Include="Display\ImageSource.cpp">
      <Filter>Display</Filter>
    </ClCompile>
    <ClCompile Include="Scene\Scene.cpp">
      <Filter>Scene</Filter>
    </ClCompile>
    <ClCompile Include="Scene\Camera.cpp">
      <Filter>Scene</Filter>
    </ClCompile>
    <ClCompile Include="Display\Vulkan\VulkanTextureLoader.cpp">
      <Filter>Display\Vulkan\Resource</Filter>
    </ClCompile>
    <ClCompile Include="Display\Material.cpp">
      <Filter>Display</Filter>
    </ClCompile>
    <ClCompile Include="Display\Vulkan\VulkanPrimitiveMeshGenerator.cpp">
      <Filter>Display\Vulkan\Resource</Filter>
    </ClCompile>
    <ClCompile Include="Display\Mesh.cpp">
      <Filter>Display</Filter>
    </ClCompile>
    <ClCompile Include="Display\Vulkan\VulkanMeshLoader.cpp">
      <Filter>Display\Vulkan\Resource</Filter>
    </ClCompile>
  </ItemGroup>
</Project>