<?xml version="1.0" encoding="UTF-8"?>
<Project ToolsVersion="15.0" xmlns="http://schemas.microsoft.com/developer/msbuild/2003">
  <ItemGroup>
    <CustomBuild Include="C:\Projects\Tracy\Source\spirvtools\CMakeFiles\ce25d9802a6702cb6b96b71340a75c15\RUN_TESTS_force.rule">
      <Filter>CMake Rules</Filter>
    </CustomBuild>
  </ItemGroup>
  <ItemGroup>
    <Filter Include="CMake Rules">
      <UniqueIdentifier>{E265450B-A140-3D4B-AC10-6D81B23BB1D7}</UniqueIdentifier>
    </Filter>
  </ItemGroup>
</Project>
