<?xml version="1.0" encoding="UTF-8"?>
<Project ToolsVersion="15.0" xmlns="http://schemas.microsoft.com/developer/msbuild/2003">
  <ItemGroup>
    <ClCompile Include="C:\VulkanSDK\spirv-tools\tools\val\val.cpp">
      <Filter>Source Files</Filter>
    </ClCompile>
  </ItemGroup>
  <ItemGroup>
    <CustomBuild Include="C:\VulkanSDK\spirv-tools\tools\CMakeLists.txt" />
  </ItemGroup>
  <ItemGroup>
    <Filter Include="Source Files">
      <UniqueIdentifier>{A6D8AC7F-9AA8-31EF-BA51-A32A50A199C6}</UniqueIdentifier>
    </Filter>
  </ItemGroup>
</Project>
