Microsoft Visual Studio Solution File, Format Version 12.00
# Visual Studio 15
Project("{2150E333-8FDC-42A3-9474-1A3956D46DE8}") = "CMakePredefinedTargets", "CMakePredefinedTargets", "{83810D0A-788D-336D-A3F1-9B864C01F297}"
EndProject
Project("{2150E333-8FDC-42A3-9474-1A3956D46DE8}") = "SPIRV-Tools build", "SPIRV-Tools build", "{DE07A0FE-7673-3BF6-A273-932520F28ADA}"
EndProject
Project("{2150E333-8FDC-42A3-9474-1A3956D46DE8}") = "SPIRV-Tools examples", "SPIRV-Tools examples", "{78741FB8-D184-3EBE-B1A2-4013AFDBD1B6}"
EndProject
Project("{2150E333-8FDC-42A3-9474-1A3956D46DE8}") = "SPIRV-Tools executables", "SPIRV-Tools executables", "{306282B4-EFDA-3EEE-9CC5-B5D95ACF6D00}"
EndProject
Project("{2150E333-8FDC-42A3-9474-1A3956D46DE8}") = "SPIRV-Tools libraries", "SPIRV-Tools libraries", "{6F5EA099-9318-3FDB-896B-05EA3891FC7D}"
EndProject
Project("{2150E333-8FDC-42A3-9474-1A3956D46DE8}") = "SPIRV-Tools utilities", "SPIRV-Tools utilities", "{7E939181-04F2-3B2A-A3AC-E1DBEDED13C6}"
EndProject
Project("{8BC9CEB8-8B4A-11D0-8D11-00A0C91BC942}") = "ALL_BUILD", "ALL_BUILD.vcxproj", "{FE6EF19D-6807-322E-8F79-6FBD512AC428}"
	ProjectSection(ProjectDependencies) = postProject
		{77010E12-2028-34A4-BAFE-F5A8B538C87B} = {77010E12-2028-34A4-BAFE-F5A8B538C87B}
		{F24AACD8-82A7-3653-A7BC-AA073E8606A9} = {F24AACD8-82A7-3653-A7BC-AA073E8606A9}
		{A5C48754-5D51-3ACD-BABA-810800264694} = {A5C48754-5D51-3ACD-BABA-810800264694}
		{A210AC0E-3BFE-357E-A315-4A3F8C161AB0} = {A210AC0E-3BFE-357E-A315-4A3F8C161AB0}
		{C6943174-C1FB-392C-8021-A54C1B38320F} = {C6943174-C1FB-392C-8021-A54C1B38320F}
		{B369936C-8CCC-36ED-A1C4-A31EEC17A1CE} = {B369936C-8CCC-36ED-A1C4-A31EEC17A1CE}
		{7295E8DC-68FA-306A-8DE2-F80386ABA583} = {7295E8DC-68FA-306A-8DE2-F80386ABA583}
		{EDFFB1BA-D2B7-3FA6-A966-DDAC365AB22E} = {EDFFB1BA-D2B7-3FA6-A966-DDAC365AB22E}
		{778CA27B-28F0-30B9-9794-59A5AE4AFE9C} = {778CA27B-28F0-30B9-9794-59A5AE4AFE9C}
		{DE114FBB-3A33-3240-9267-D96C53040173} = {DE114FBB-3A33-3240-9267-D96C53040173}
		{69D81456-6A5A-3281-AC2E-57FDD15788F1} = {69D81456-6A5A-3281-AC2E-57FDD15788F1}
		{15B177E6-FE9C-3DB0-AE5F-70A892A5577B} = {15B177E6-FE9C-3DB0-AE5F-70A892A5577B}
		{2F6E098E-3618-3804-B9A9-A174ABC42316} = {2F6E098E-3618-3804-B9A9-A174ABC42316}
	EndProjectSection
EndProject
Project("{8BC9CEB8-8B4A-11D0-8D11-00A0C91BC942}") = "INSTALL", "INSTALL.vcxproj", "{8F344739-C09A-3EC3-9317-16E5DE071FD5}"
	ProjectSection(ProjectDependencies) = postProject
		{FE6EF19D-6807-322E-8F79-6FBD512AC428} = {FE6EF19D-6807-322E-8F79-6FBD512AC428}
		{A210AC0E-3BFE-357E-A315-4A3F8C161AB0} = {A210AC0E-3BFE-357E-A315-4A3F8C161AB0}
	EndProjectSection
EndProject
Project("{8BC9CEB8-8B4A-11D0-8D11-00A0C91BC942}") = "RUN_TESTS", "RUN_TESTS.vcxproj", "{DAA9A9C8-FD93-3316-AAAD-894E9CA2E6A7}"
	ProjectSection(ProjectDependencies) = postProject
		{A210AC0E-3BFE-357E-A315-4A3F8C161AB0} = {A210AC0E-3BFE-357E-A315-4A3F8C161AB0}
	EndProjectSection
EndProject
Project("{8BC9CEB8-8B4A-11D0-8D11-00A0C91BC942}") = "SPIRV-Tools", "source\SPIRV-Tools.vcxproj", "{77010E12-2028-34A4-BAFE-F5A8B538C87B}"
	ProjectSection(ProjectDependencies) = postProject
		{A210AC0E-3BFE-357E-A315-4A3F8C161AB0} = {A210AC0E-3BFE-357E-A315-4A3F8C161AB0}
	EndProjectSection
EndProject
Project("{8BC9CEB8-8B4A-11D0-8D11-00A0C91BC942}") = "SPIRV-Tools-link", "source\link\SPIRV-Tools-link.vcxproj", "{F24AACD8-82A7-3653-A7BC-AA073E8606A9}"
	ProjectSection(ProjectDependencies) = postProject
		{77010E12-2028-34A4-BAFE-F5A8B538C87B} = {77010E12-2028-34A4-BAFE-F5A8B538C87B}
		{A5C48754-5D51-3ACD-BABA-810800264694} = {A5C48754-5D51-3ACD-BABA-810800264694}
		{A210AC0E-3BFE-357E-A315-4A3F8C161AB0} = {A210AC0E-3BFE-357E-A315-4A3F8C161AB0}
	EndProjectSection
EndProject
Project("{8BC9CEB8-8B4A-11D0-8D11-00A0C91BC942}") = "SPIRV-Tools-opt", "source\opt\SPIRV-Tools-opt.vcxproj", "{A5C48754-5D51-3ACD-BABA-810800264694}"
	ProjectSection(ProjectDependencies) = postProject
		{77010E12-2028-34A4-BAFE-F5A8B538C87B} = {77010E12-2028-34A4-BAFE-F5A8B538C87B}
		{A210AC0E-3BFE-357E-A315-4A3F8C161AB0} = {A210AC0E-3BFE-357E-A315-4A3F8C161AB0}
	EndProjectSection
EndProject
Project("{8BC9CEB8-8B4A-11D0-8D11-00A0C91BC942}") = "ZERO_CHECK", "ZERO_CHECK.vcxproj", "{A210AC0E-3BFE-357E-A315-4A3F8C161AB0}"
	ProjectSection(ProjectDependencies) = postProject
	EndProjectSection
EndProject
Project("{8BC9CEB8-8B4A-11D0-8D11-00A0C91BC942}") = "spirv-as", "tools\spirv-as.vcxproj", "{C6943174-C1FB-392C-8021-A54C1B38320F}"
	ProjectSection(ProjectDependencies) = postProject
		{77010E12-2028-34A4-BAFE-F5A8B538C87B} = {77010E12-2028-34A4-BAFE-F5A8B538C87B}
		{A210AC0E-3BFE-357E-A315-4A3F8C161AB0} = {A210AC0E-3BFE-357E-A315-4A3F8C161AB0}
	EndProjectSection
EndProject
Project("{8BC9CEB8-8B4A-11D0-8D11-00A0C91BC942}") = "spirv-cfg", "tools\spirv-cfg.vcxproj", "{B369936C-8CCC-36ED-A1C4-A31EEC17A1CE}"
	ProjectSection(ProjectDependencies) = postProject
		{77010E12-2028-34A4-BAFE-F5A8B538C87B} = {77010E12-2028-34A4-BAFE-F5A8B538C87B}
		{A210AC0E-3BFE-357E-A315-4A3F8C161AB0} = {A210AC0E-3BFE-357E-A315-4A3F8C161AB0}
	EndProjectSection
EndProject
Project("{8BC9CEB8-8B4A-11D0-8D11-00A0C91BC942}") = "spirv-dis", "tools\spirv-dis.vcxproj", "{7295E8DC-68FA-306A-8DE2-F80386ABA583}"
	ProjectSection(ProjectDependencies) = postProject
		{77010E12-2028-34A4-BAFE-F5A8B538C87B} = {77010E12-2028-34A4-BAFE-F5A8B538C87B}
		{A210AC0E-3BFE-357E-A315-4A3F8C161AB0} = {A210AC0E-3BFE-357E-A315-4A3F8C161AB0}
	EndProjectSection
EndProject
Project("{8BC9CEB8-8B4A-11D0-8D11-00A0C91BC942}") = "spirv-link", "tools\spirv-link.vcxproj", "{EDFFB1BA-D2B7-3FA6-A966-DDAC365AB22E}"
	ProjectSection(ProjectDependencies) = postProject
		{77010E12-2028-34A4-BAFE-F5A8B538C87B} = {77010E12-2028-34A4-BAFE-F5A8B538C87B}
		{F24AACD8-82A7-3653-A7BC-AA073E8606A9} = {F24AACD8-82A7-3653-A7BC-AA073E8606A9}
		{A5C48754-5D51-3ACD-BABA-810800264694} = {A5C48754-5D51-3ACD-BABA-810800264694}
		{A210AC0E-3BFE-357E-A315-4A3F8C161AB0} = {A210AC0E-3BFE-357E-A315-4A3F8C161AB0}
	EndProjectSection
EndProject
Project("{8BC9CEB8-8B4A-11D0-8D11-00A0C91BC942}") = "spirv-opt", "tools\spirv-opt.vcxproj", "{778CA27B-28F0-30B9-9794-59A5AE4AFE9C}"
	ProjectSection(ProjectDependencies) = postProject
		{77010E12-2028-34A4-BAFE-F5A8B538C87B} = {77010E12-2028-34A4-BAFE-F5A8B538C87B}
		{A5C48754-5D51-3ACD-BABA-810800264694} = {A5C48754-5D51-3ACD-BABA-810800264694}
		{A210AC0E-3BFE-357E-A315-4A3F8C161AB0} = {A210AC0E-3BFE-357E-A315-4A3F8C161AB0}
	EndProjectSection
EndProject
Project("{8BC9CEB8-8B4A-11D0-8D11-00A0C91BC942}") = "spirv-stats", "tools\spirv-stats.vcxproj", "{DE114FBB-3A33-3240-9267-D96C53040173}"
	ProjectSection(ProjectDependencies) = postProject
		{77010E12-2028-34A4-BAFE-F5A8B538C87B} = {77010E12-2028-34A4-BAFE-F5A8B538C87B}
		{A210AC0E-3BFE-357E-A315-4A3F8C161AB0} = {A210AC0E-3BFE-357E-A315-4A3F8C161AB0}
	EndProjectSection
EndProject
Project("{8BC9CEB8-8B4A-11D0-8D11-00A0C91BC942}") = "spirv-tools-build-version", "source\spirv-tools-build-version.vcxproj", "{612C7CE3-9AC3-35CC-A172-6E2F963A5D2A}"
	ProjectSection(ProjectDependencies) = postProject
		{A210AC0E-3BFE-357E-A315-4A3F8C161AB0} = {A210AC0E-3BFE-357E-A315-4A3F8C161AB0}
	EndProjectSection
EndProject
Project("{8BC9CEB8-8B4A-11D0-8D11-00A0C91BC942}") = "spirv-tools-cpp-example", "examples\cpp-interface\spirv-tools-cpp-example.vcxproj", "{69D81456-6A5A-3281-AC2E-57FDD15788F1}"
	ProjectSection(ProjectDependencies) = postProject
		{77010E12-2028-34A4-BAFE-F5A8B538C87B} = {77010E12-2028-34A4-BAFE-F5A8B538C87B}
		{A5C48754-5D51-3ACD-BABA-810800264694} = {A5C48754-5D51-3ACD-BABA-810800264694}
		{A210AC0E-3BFE-357E-A315-4A3F8C161AB0} = {A210AC0E-3BFE-357E-A315-4A3F8C161AB0}
	EndProjectSection
EndProject
Project("{8BC9CEB8-8B4A-11D0-8D11-00A0C91BC942}") = "spirv-tools-debuginfo", "source\spirv-tools-debuginfo.vcxproj", "{6B2A4BCC-4E14-34B6-8376-F3EC59AC9572}"
	ProjectSection(ProjectDependencies) = postProject
		{A210AC0E-3BFE-357E-A315-4A3F8C161AB0} = {A210AC0E-3BFE-357E-A315-4A3F8C161AB0}
	EndProjectSection
EndProject
Project("{8BC9CEB8-8B4A-11D0-8D11-00A0C91BC942}") = "spirv-tools-header-DebugInfo", "source\spirv-tools-header-DebugInfo.vcxproj", "{F1791089-4D0D-3779-870F-93549E00A047}"
	ProjectSection(ProjectDependencies) = postProject
		{A210AC0E-3BFE-357E-A315-4A3F8C161AB0} = {A210AC0E-3BFE-357E-A315-4A3F8C161AB0}
	EndProjectSection
EndProject
Project("{8BC9CEB8-8B4A-11D0-8D11-00A0C91BC942}") = "spirv-tools-pkg-config", "spirv-tools-pkg-config.vcxproj", "{15B177E6-FE9C-3DB0-AE5F-70A892A5577B}"
	ProjectSection(ProjectDependencies) = postProject
		{A210AC0E-3BFE-357E-A315-4A3F8C161AB0} = {A210AC0E-3BFE-357E-A315-4A3F8C161AB0}
	EndProjectSection
EndProject
Project("{8BC9CEB8-8B4A-11D0-8D11-00A0C91BC942}") = "spirv-tools-spv-amd-gcn-shader", "source\spirv-tools-spv-amd-gcn-shader.vcxproj", "{8A9B835F-57AF-36EB-B317-982A071566D4}"
	ProjectSection(ProjectDependencies) = postProject
		{A210AC0E-3BFE-357E-A315-4A3F8C161AB0} = {A210AC0E-3BFE-357E-A315-4A3F8C161AB0}
	EndProjectSection
EndProject
Project("{8BC9CEB8-8B4A-11D0-8D11-00A0C91BC942}") = "spirv-tools-spv-amd-shader-ballot", "source\spirv-tools-spv-amd-shader-ballot.vcxproj", "{630DE9A1-51B1-379C-9AFD-467D9B986479}"
	ProjectSection(ProjectDependencies) = postProject
		{A210AC0E-3BFE-357E-A315-4A3F8C161AB0} = {A210AC0E-3BFE-357E-A315-4A3F8C161AB0}
	EndProjectSection
EndProject
Project("{8BC9CEB8-8B4A-11D0-8D11-00A0C91BC942}") = "spirv-tools-spv-amd-shader-explicit-vertex-parameter", "source\spirv-tools-spv-amd-shader-explicit-vertex-parameter.vcxproj", "{4D8ACB36-0479-32C4-A58B-71CEEB9A94E0}"
	ProjectSection(ProjectDependencies) = postProject
		{A210AC0E-3BFE-357E-A315-4A3F8C161AB0} = {A210AC0E-3BFE-357E-A315-4A3F8C161AB0}
	EndProjectSection
EndProject
Project("{8BC9CEB8-8B4A-11D0-8D11-00A0C91BC942}") = "spirv-tools-spv-amd-shader-trinary-minmax", "source\spirv-tools-spv-amd-shader-trinary-minmax.vcxproj", "{34053157-D03A-31F4-ACDA-15502F1BE5EC}"
	ProjectSection(ProjectDependencies) = postProject
		{A210AC0E-3BFE-357E-A315-4A3F8C161AB0} = {A210AC0E-3BFE-357E-A315-4A3F8C161AB0}
	EndProjectSection
EndProject
Project("{8BC9CEB8-8B4A-11D0-8D11-00A0C91BC942}") = "spirv-tools-vimsyntax", "source\spirv-tools-vimsyntax.vcxproj", "{1B0285BB-40E7-3828-B7DF-EC042A9749F4}"
	ProjectSection(ProjectDependencies) = postProject
		{A210AC0E-3BFE-357E-A315-4A3F8C161AB0} = {A210AC0E-3BFE-357E-A315-4A3F8C161AB0}
	EndProjectSection
EndProject
Project("{8BC9CEB8-8B4A-11D0-8D11-00A0C91BC942}") = "spirv-val", "tools\spirv-val.vcxproj", "{2F6E098E-3618-3804-B9A9-A174ABC42316}"
	ProjectSection(ProjectDependencies) = postProject
		{77010E12-2028-34A4-BAFE-F5A8B538C87B} = {77010E12-2028-34A4-BAFE-F5A8B538C87B}
		{A210AC0E-3BFE-357E-A315-4A3F8C161AB0} = {A210AC0E-3BFE-357E-A315-4A3F8C161AB0}
	EndProjectSection
EndProject
Global
	GlobalSection(SolutionConfigurationPlatforms) = preSolution
		Debug|x64 = Debug|x64
		Release|x64 = Release|x64
		MinSizeRel|x64 = MinSizeRel|x64
		RelWithDebInfo|x64 = RelWithDebInfo|x64
	EndGlobalSection
	GlobalSection(ProjectConfigurationPlatforms) = postSolution
		{FE6EF19D-6807-322E-8F79-6FBD512AC428}.Debug|x64.ActiveCfg = Debug|x64
		{FE6EF19D-6807-322E-8F79-6FBD512AC428}.Debug|x64.Build.0 = Debug|x64
		{FE6EF19D-6807-322E-8F79-6FBD512AC428}.Release|x64.ActiveCfg = Release|x64
		{FE6EF19D-6807-322E-8F79-6FBD512AC428}.Release|x64.Build.0 = Release|x64
		{FE6EF19D-6807-322E-8F79-6FBD512AC428}.MinSizeRel|x64.ActiveCfg = MinSizeRel|x64
		{FE6EF19D-6807-322E-8F79-6FBD512AC428}.MinSizeRel|x64.Build.0 = MinSizeRel|x64
		{FE6EF19D-6807-322E-8F79-6FBD512AC428}.RelWithDebInfo|x64.ActiveCfg = RelWithDebInfo|x64
		{FE6EF19D-6807-322E-8F79-6FBD512AC428}.RelWithDebInfo|x64.Build.0 = RelWithDebInfo|x64
		{8F344739-C09A-3EC3-9317-16E5DE071FD5}.Debug|x64.ActiveCfg = Debug|x64
		{8F344739-C09A-3EC3-9317-16E5DE071FD5}.Release|x64.ActiveCfg = Release|x64
		{8F344739-C09A-3EC3-9317-16E5DE071FD5}.MinSizeRel|x64.ActiveCfg = MinSizeRel|x64
		{8F344739-C09A-3EC3-9317-16E5DE071FD5}.RelWithDebInfo|x64.ActiveCfg = RelWithDebInfo|x64
		{DAA9A9C8-FD93-3316-AAAD-894E9CA2E6A7}.Debug|x64.ActiveCfg = Debug|x64
		{DAA9A9C8-FD93-3316-AAAD-894E9CA2E6A7}.Release|x64.ActiveCfg = Release|x64
		{DAA9A9C8-FD93-3316-AAAD-894E9CA2E6A7}.MinSizeRel|x64.ActiveCfg = MinSizeRel|x64
		{DAA9A9C8-FD93-3316-AAAD-894E9CA2E6A7}.RelWithDebInfo|x64.ActiveCfg = RelWithDebInfo|x64
		{77010E12-2028-34A4-BAFE-F5A8B538C87B}.Debug|x64.ActiveCfg = Debug|x64
		{77010E12-2028-34A4-BAFE-F5A8B538C87B}.Debug|x64.Build.0 = Debug|x64
		{77010E12-2028-34A4-BAFE-F5A8B538C87B}.Release|x64.ActiveCfg = Release|x64
		{77010E12-2028-34A4-BAFE-F5A8B538C87B}.Release|x64.Build.0 = Release|x64
		{77010E12-2028-34A4-BAFE-F5A8B538C87B}.MinSizeRel|x64.ActiveCfg = MinSizeRel|x64
		{77010E12-2028-34A4-BAFE-F5A8B538C87B}.MinSizeRel|x64.Build.0 = MinSizeRel|x64
		{77010E12-2028-34A4-BAFE-F5A8B538C87B}.RelWithDebInfo|x64.ActiveCfg = RelWithDebInfo|x64
		{77010E12-2028-34A4-BAFE-F5A8B538C87B}.RelWithDebInfo|x64.Build.0 = RelWithDebInfo|x64
		{F24AACD8-82A7-3653-A7BC-AA073E8606A9}.Debug|x64.ActiveCfg = Debug|x64
		{F24AACD8-82A7-3653-A7BC-AA073E8606A9}.Debug|x64.Build.0 = Debug|x64
		{F24AACD8-82A7-3653-A7BC-AA073E8606A9}.Release|x64.ActiveCfg = Release|x64
		{F24AACD8-82A7-3653-A7BC-AA073E8606A9}.Release|x64.Build.0 = Release|x64
		{F24AACD8-82A7-3653-A7BC-AA073E8606A9}.MinSizeRel|x64.ActiveCfg = MinSizeRel|x64
		{F24AACD8-82A7-3653-A7BC-AA073E8606A9}.MinSizeRel|x64.Build.0 = MinSizeRel|x64
		{F24AACD8-82A7-3653-A7BC-AA073E8606A9}.RelWithDebInfo|x64.ActiveCfg = RelWithDebInfo|x64
		{F24AACD8-82A7-3653-A7BC-AA073E8606A9}.RelWithDebInfo|x64.Build.0 = RelWithDebInfo|x64
		{A5C48754-5D51-3ACD-BABA-810800264694}.Debug|x64.ActiveCfg = Debug|x64
		{A5C48754-5D51-3ACD-BABA-810800264694}.Debug|x64.Build.0 = Debug|x64
		{A5C48754-5D51-3ACD-BABA-810800264694}.Release|x64.ActiveCfg = Release|x64
		{A5C48754-5D51-3ACD-BABA-810800264694}.Release|x64.Build.0 = Release|x64
		{A5C48754-5D51-3ACD-BABA-810800264694}.MinSizeRel|x64.ActiveCfg = MinSizeRel|x64
		{A5C48754-5D51-3ACD-BABA-810800264694}.MinSizeRel|x64.Build.0 = MinSizeRel|x64
		{A5C48754-5D51-3ACD-BABA-810800264694}.RelWithDebInfo|x64.ActiveCfg = RelWithDebInfo|x64
		{A5C48754-5D51-3ACD-BABA-810800264694}.RelWithDebInfo|x64.Build.0 = RelWithDebInfo|x64
		{A210AC0E-3BFE-357E-A315-4A3F8C161AB0}.Debug|x64.ActiveCfg = Debug|x64
		{A210AC0E-3BFE-357E-A315-4A3F8C161AB0}.Debug|x64.Build.0 = Debug|x64
		{A210AC0E-3BFE-357E-A315-4A3F8C161AB0}.Release|x64.ActiveCfg = Release|x64
		{A210AC0E-3BFE-357E-A315-4A3F8C161AB0}.Release|x64.Build.0 = Release|x64
		{A210AC0E-3BFE-357E-A315-4A3F8C161AB0}.MinSizeRel|x64.ActiveCfg = MinSizeRel|x64
		{A210AC0E-3BFE-357E-A315-4A3F8C161AB0}.MinSizeRel|x64.Build.0 = MinSizeRel|x64
		{A210AC0E-3BFE-357E-A315-4A3F8C161AB0}.RelWithDebInfo|x64.ActiveCfg = RelWithDebInfo|x64
		{A210AC0E-3BFE-357E-A315-4A3F8C161AB0}.RelWithDebInfo|x64.Build.0 = RelWithDebInfo|x64
		{C6943174-C1FB-392C-8021-A54C1B38320F}.Debug|x64.ActiveCfg = Debug|x64
		{C6943174-C1FB-392C-8021-A54C1B38320F}.Debug|x64.Build.0 = Debug|x64
		{C6943174-C1FB-392C-8021-A54C1B38320F}.Release|x64.ActiveCfg = Release|x64
		{C6943174-C1FB-392C-8021-A54C1B38320F}.Release|x64.Build.0 = Release|x64
		{C6943174-C1FB-392C-8021-A54C1B38320F}.MinSizeRel|x64.ActiveCfg = MinSizeRel|x64
		{C6943174-C1FB-392C-8021-A54C1B38320F}.MinSizeRel|x64.Build.0 = MinSizeRel|x64
		{C6943174-C1FB-392C-8021-A54C1B38320F}.RelWithDebInfo|x64.ActiveCfg = RelWithDebInfo|x64
		{C6943174-C1FB-392C-8021-A54C1B38320F}.RelWithDebInfo|x64.Build.0 = RelWithDebInfo|x64
		{B369936C-8CCC-36ED-A1C4-A31EEC17A1CE}.Debug|x64.ActiveCfg = Debug|x64
		{B369936C-8CCC-36ED-A1C4-A31EEC17A1CE}.Debug|x64.Build.0 = Debug|x64
		{B369936C-8CCC-36ED-A1C4-A31EEC17A1CE}.Release|x64.ActiveCfg = Release|x64
		{B369936C-8CCC-36ED-A1C4-A31EEC17A1CE}.Release|x64.Build.0 = Release|x64
		{B369936C-8CCC-36ED-A1C4-A31EEC17A1CE}.MinSizeRel|x64.ActiveCfg = MinSizeRel|x64
		{B369936C-8CCC-36ED-A1C4-A31EEC17A1CE}.MinSizeRel|x64.Build.0 = MinSizeRel|x64
		{B369936C-8CCC-36ED-A1C4-A31EEC17A1CE}.RelWithDebInfo|x64.ActiveCfg = RelWithDebInfo|x64
		{B369936C-8CCC-36ED-A1C4-A31EEC17A1CE}.RelWithDebInfo|x64.Build.0 = RelWithDebInfo|x64
		{7295E8DC-68FA-306A-8DE2-F80386ABA583}.Debug|x64.ActiveCfg = Debug|x64
		{7295E8DC-68FA-306A-8DE2-F80386ABA583}.Debug|x64.Build.0 = Debug|x64
		{7295E8DC-68FA-306A-8DE2-F80386ABA583}.Release|x64.ActiveCfg = Release|x64
		{7295E8DC-68FA-306A-8DE2-F80386ABA583}.Release|x64.Build.0 = Release|x64
		{7295E8DC-68FA-306A-8DE2-F80386ABA583}.MinSizeRel|x64.ActiveCfg = MinSizeRel|x64
		{7295E8DC-68FA-306A-8DE2-F80386ABA583}.MinSizeRel|x64.Build.0 = MinSizeRel|x64
		{7295E8DC-68FA-306A-8DE2-F80386ABA583}.RelWithDebInfo|x64.ActiveCfg = RelWithDebInfo|x64
		{7295E8DC-68FA-306A-8DE2-F80386ABA583}.RelWithDebInfo|x64.Build.0 = RelWithDebInfo|x64
		{EDFFB1BA-D2B7-3FA6-A966-DDAC365AB22E}.Debug|x64.ActiveCfg = Debug|x64
		{EDFFB1BA-D2B7-3FA6-A966-DDAC365AB22E}.Debug|x64.Build.0 = Debug|x64
		{EDFFB1BA-D2B7-3FA6-A966-DDAC365AB22E}.Release|x64.ActiveCfg = Release|x64
		{EDFFB1BA-D2B7-3FA6-A966-DDAC365AB22E}.Release|x64.Build.0 = Release|x64
		{EDFFB1BA-D2B7-3FA6-A966-DDAC365AB22E}.MinSizeRel|x64.ActiveCfg = MinSizeRel|x64
		{EDFFB1BA-D2B7-3FA6-A966-DDAC365AB22E}.MinSizeRel|x64.Build.0 = MinSizeRel|x64
		{EDFFB1BA-D2B7-3FA6-A966-DDAC365AB22E}.RelWithDebInfo|x64.ActiveCfg = RelWithDebInfo|x64
		{EDFFB1BA-D2B7-3FA6-A966-DDAC365AB22E}.RelWithDebInfo|x64.Build.0 = RelWithDebInfo|x64
		{778CA27B-28F0-30B9-9794-59A5AE4AFE9C}.Debug|x64.ActiveCfg = Debug|x64
		{778CA27B-28F0-30B9-9794-59A5AE4AFE9C}.Debug|x64.Build.0 = Debug|x64
		{778CA27B-28F0-30B9-9794-59A5AE4AFE9C}.Release|x64.ActiveCfg = Release|x64
		{778CA27B-28F0-30B9-9794-59A5AE4AFE9C}.Release|x64.Build.0 = Release|x64
		{778CA27B-28F0-30B9-9794-59A5AE4AFE9C}.MinSizeRel|x64.ActiveCfg = MinSizeRel|x64
		{778CA27B-28F0-30B9-9794-59A5AE4AFE9C}.MinSizeRel|x64.Build.0 = MinSizeRel|x64
		{778CA27B-28F0-30B9-9794-59A5AE4AFE9C}.RelWithDebInfo|x64.ActiveCfg = RelWithDebInfo|x64
		{778CA27B-28F0-30B9-9794-59A5AE4AFE9C}.RelWithDebInfo|x64.Build.0 = RelWithDebInfo|x64
		{DE114FBB-3A33-3240-9267-D96C53040173}.Debug|x64.ActiveCfg = Debug|x64
		{DE114FBB-3A33-3240-9267-D96C53040173}.Debug|x64.Build.0 = Debug|x64
		{DE114FBB-3A33-3240-9267-D96C53040173}.Release|x64.ActiveCfg = Release|x64
		{DE114FBB-3A33-3240-9267-D96C53040173}.Release|x64.Build.0 = Release|x64
		{DE114FBB-3A33-3240-9267-D96C53040173}.MinSizeRel|x64.ActiveCfg = MinSizeRel|x64
		{DE114FBB-3A33-3240-9267-D96C53040173}.MinSizeRel|x64.Build.0 = MinSizeRel|x64
		{DE114FBB-3A33-3240-9267-D96C53040173}.RelWithDebInfo|x64.ActiveCfg = RelWithDebInfo|x64
		{DE114FBB-3A33-3240-9267-D96C53040173}.RelWithDebInfo|x64.Build.0 = RelWithDebInfo|x64
		{612C7CE3-9AC3-35CC-A172-6E2F963A5D2A}.Debug|x64.ActiveCfg = Debug|x64
		{612C7CE3-9AC3-35CC-A172-6E2F963A5D2A}.Release|x64.ActiveCfg = Release|x64
		{612C7CE3-9AC3-35CC-A172-6E2F963A5D2A}.MinSizeRel|x64.ActiveCfg = MinSizeRel|x64
		{612C7CE3-9AC3-35CC-A172-6E2F963A5D2A}.RelWithDebInfo|x64.ActiveCfg = RelWithDebInfo|x64
		{69D81456-6A5A-3281-AC2E-57FDD15788F1}.Debug|x64.ActiveCfg = Debug|x64
		{69D81456-6A5A-3281-AC2E-57FDD15788F1}.Debug|x64.Build.0 = Debug|x64
		{69D81456-6A5A-3281-AC2E-57FDD15788F1}.Release|x64.ActiveCfg = Release|x64
		{69D81456-6A5A-3281-AC2E-57FDD15788F1}.Release|x64.Build.0 = Release|x64
		{69D81456-6A5A-3281-AC2E-57FDD15788F1}.MinSizeRel|x64.ActiveCfg = MinSizeRel|x64
		{69D81456-6A5A-3281-AC2E-57FDD15788F1}.MinSizeRel|x64.Build.0 = MinSizeRel|x64
		{69D81456-6A5A-3281-AC2E-57FDD15788F1}.RelWithDebInfo|x64.ActiveCfg = RelWithDebInfo|x64
		{69D81456-6A5A-3281-AC2E-57FDD15788F1}.RelWithDebInfo|x64.Build.0 = RelWithDebInfo|x64
		{6B2A4BCC-4E14-34B6-8376-F3EC59AC9572}.Debug|x64.ActiveCfg = Debug|x64
		{6B2A4BCC-4E14-34B6-8376-F3EC59AC9572}.Release|x64.ActiveCfg = Release|x64
		{6B2A4BCC-4E14-34B6-8376-F3EC59AC9572}.MinSizeRel|x64.ActiveCfg = MinSizeRel|x64
		{6B2A4BCC-4E14-34B6-8376-F3EC59AC9572}.RelWithDebInfo|x64.ActiveCfg = RelWithDebInfo|x64
		{F1791089-4D0D-3779-870F-93549E00A047}.Debug|x64.ActiveCfg = Debug|x64
		{F1791089-4D0D-3779-870F-93549E00A047}.Release|x64.ActiveCfg = Release|x64
		{F1791089-4D0D-3779-870F-93549E00A047}.MinSizeRel|x64.ActiveCfg = MinSizeRel|x64
		{F1791089-4D0D-3779-870F-93549E00A047}.RelWithDebInfo|x64.ActiveCfg = RelWithDebInfo|x64
		{15B177E6-FE9C-3DB0-AE5F-70A892A5577B}.Debug|x64.ActiveCfg = Debug|x64
		{15B177E6-FE9C-3DB0-AE5F-70A892A5577B}.Debug|x64.Build.0 = Debug|x64
		{15B177E6-FE9C-3DB0-AE5F-70A892A5577B}.Release|x64.ActiveCfg = Release|x64
		{15B177E6-FE9C-3DB0-AE5F-70A892A5577B}.Release|x64.Build.0 = Release|x64
		{15B177E6-FE9C-3DB0-AE5F-70A892A5577B}.MinSizeRel|x64.ActiveCfg = MinSizeRel|x64
		{15B177E6-FE9C-3DB0-AE5F-70A892A5577B}.MinSizeRel|x64.Build.0 = MinSizeRel|x64
		{15B177E6-FE9C-3DB0-AE5F-70A892A5577B}.RelWithDebInfo|x64.ActiveCfg = RelWithDebInfo|x64
		{15B177E6-FE9C-3DB0-AE5F-70A892A5577B}.RelWithDebInfo|x64.Build.0 = RelWithDebInfo|x64
		{8A9B835F-57AF-36EB-B317-982A071566D4}.Debug|x64.ActiveCfg = Debug|x64
		{8A9B835F-57AF-36EB-B317-982A071566D4}.Release|x64.ActiveCfg = Release|x64
		{8A9B835F-57AF-36EB-B317-982A071566D4}.MinSizeRel|x64.ActiveCfg = MinSizeRel|x64
		{8A9B835F-57AF-36EB-B317-982A071566D4}.RelWithDebInfo|x64.ActiveCfg = RelWithDebInfo|x64
		{630DE9A1-51B1-379C-9AFD-467D9B986479}.Debug|x64.ActiveCfg = Debug|x64
		{630DE9A1-51B1-379C-9AFD-467D9B986479}.Release|x64.ActiveCfg = Release|x64
		{630DE9A1-51B1-379C-9AFD-467D9B986479}.MinSizeRel|x64.ActiveCfg = MinSizeRel|x64
		{630DE9A1-51B1-379C-9AFD-467D9B986479}.RelWithDebInfo|x64.ActiveCfg = RelWithDebInfo|x64
		{4D8ACB36-0479-32C4-A58B-71CEEB9A94E0}.Debug|x64.ActiveCfg = Debug|x64
		{4D8ACB36-0479-32C4-A58B-71CEEB9A94E0}.Release|x64.ActiveCfg = Release|x64
		{4D8ACB36-0479-32C4-A58B-71CEEB9A94E0}.MinSizeRel|x64.ActiveCfg = MinSizeRel|x64
		{4D8ACB36-0479-32C4-A58B-71CEEB9A94E0}.RelWithDebInfo|x64.ActiveCfg = RelWithDebInfo|x64
		{34053157-D03A-31F4-ACDA-15502F1BE5EC}.Debug|x64.ActiveCfg = Debug|x64
		{34053157-D03A-31F4-ACDA-15502F1BE5EC}.Release|x64.ActiveCfg = Release|x64
		{34053157-D03A-31F4-ACDA-15502F1BE5EC}.MinSizeRel|x64.ActiveCfg = MinSizeRel|x64
		{34053157-D03A-31F4-ACDA-15502F1BE5EC}.RelWithDebInfo|x64.ActiveCfg = RelWithDebInfo|x64
		{1B0285BB-40E7-3828-B7DF-EC042A9749F4}.Debug|x64.ActiveCfg = Debug|x64
		{1B0285BB-40E7-3828-B7DF-EC042A9749F4}.Release|x64.ActiveCfg = Release|x64
		{1B0285BB-40E7-3828-B7DF-EC042A9749F4}.MinSizeRel|x64.ActiveCfg = MinSizeRel|x64
		{1B0285BB-40E7-3828-B7DF-EC042A9749F4}.RelWithDebInfo|x64.ActiveCfg = RelWithDebInfo|x64
		{2F6E098E-3618-3804-B9A9-A174ABC42316}.Debug|x64.ActiveCfg = Debug|x64
		{2F6E098E-3618-3804-B9A9-A174ABC42316}.Debug|x64.Build.0 = Debug|x64
		{2F6E098E-3618-3804-B9A9-A174ABC42316}.Release|x64.ActiveCfg = Release|x64
		{2F6E098E-3618-3804-B9A9-A174ABC42316}.Release|x64.Build.0 = Release|x64
		{2F6E098E-3618-3804-B9A9-A174ABC42316}.MinSizeRel|x64.ActiveCfg = MinSizeRel|x64
		{2F6E098E-3618-3804-B9A9-A174ABC42316}.MinSizeRel|x64.Build.0 = MinSizeRel|x64
		{2F6E098E-3618-3804-B9A9-A174ABC42316}.RelWithDebInfo|x64.ActiveCfg = RelWithDebInfo|x64
		{2F6E098E-3618-3804-B9A9-A174ABC42316}.RelWithDebInfo|x64.Build.0 = RelWithDebInfo|x64
	EndGlobalSection
	GlobalSection(NestedProjects) = preSolution
		{FE6EF19D-6807-322E-8F79-6FBD512AC428} = {83810D0A-788D-336D-A3F1-9B864C01F297}
		{8F344739-C09A-3EC3-9317-16E5DE071FD5} = {83810D0A-788D-336D-A3F1-9B864C01F297}
		{DAA9A9C8-FD93-3316-AAAD-894E9CA2E6A7} = {83810D0A-788D-336D-A3F1-9B864C01F297}
		{A210AC0E-3BFE-357E-A315-4A3F8C161AB0} = {83810D0A-788D-336D-A3F1-9B864C01F297}
		{612C7CE3-9AC3-35CC-A172-6E2F963A5D2A} = {DE07A0FE-7673-3BF6-A273-932520F28ADA}
		{6B2A4BCC-4E14-34B6-8376-F3EC59AC9572} = {DE07A0FE-7673-3BF6-A273-932520F28ADA}
		{F1791089-4D0D-3779-870F-93549E00A047} = {DE07A0FE-7673-3BF6-A273-932520F28ADA}
		{8A9B835F-57AF-36EB-B317-982A071566D4} = {DE07A0FE-7673-3BF6-A273-932520F28ADA}
		{630DE9A1-51B1-379C-9AFD-467D9B986479} = {DE07A0FE-7673-3BF6-A273-932520F28ADA}
		{4D8ACB36-0479-32C4-A58B-71CEEB9A94E0} = {DE07A0FE-7673-3BF6-A273-932520F28ADA}
		{34053157-D03A-31F4-ACDA-15502F1BE5EC} = {DE07A0FE-7673-3BF6-A273-932520F28ADA}
		{69D81456-6A5A-3281-AC2E-57FDD15788F1} = {78741FB8-D184-3EBE-B1A2-4013AFDBD1B6}
		{C6943174-C1FB-392C-8021-A54C1B38320F} = {306282B4-EFDA-3EEE-9CC5-B5D95ACF6D00}
		{B369936C-8CCC-36ED-A1C4-A31EEC17A1CE} = {306282B4-EFDA-3EEE-9CC5-B5D95ACF6D00}
		{7295E8DC-68FA-306A-8DE2-F80386ABA583} = {306282B4-EFDA-3EEE-9CC5-B5D95ACF6D00}
		{EDFFB1BA-D2B7-3FA6-A966-DDAC365AB22E} = {306282B4-EFDA-3EEE-9CC5-B5D95ACF6D00}
		{778CA27B-28F0-30B9-9794-59A5AE4AFE9C} = {306282B4-EFDA-3EEE-9CC5-B5D95ACF6D00}
		{DE114FBB-3A33-3240-9267-D96C53040173} = {306282B4-EFDA-3EEE-9CC5-B5D95ACF6D00}
		{2F6E098E-3618-3804-B9A9-A174ABC42316} = {306282B4-EFDA-3EEE-9CC5-B5D95ACF6D00}
		{77010E12-2028-34A4-BAFE-F5A8B538C87B} = {6F5EA099-9318-3FDB-896B-05EA3891FC7D}
		{F24AACD8-82A7-3653-A7BC-AA073E8606A9} = {6F5EA099-9318-3FDB-896B-05EA3891FC7D}
		{A5C48754-5D51-3ACD-BABA-810800264694} = {6F5EA099-9318-3FDB-896B-05EA3891FC7D}
		{1B0285BB-40E7-3828-B7DF-EC042A9749F4} = {7E939181-04F2-3B2A-A3AC-E1DBEDED13C6}
	EndGlobalSection
	GlobalSection(ExtensibilityGlobals) = postSolution
		SolutionGuid = {8A5932EF-0FD6-3EB9-BF1B-B1F3B6328669}
	EndGlobalSection
	GlobalSection(ExtensibilityAddIns) = postSolution
	EndGlobalSection
EndGlobal
