
Microsoft Visual Studio Solution File, Format Version 12.00
# Visual Studio 15
VisualStudioVersion = 15.0.27130.2036
MinimumVisualStudioVersion = 10.0.40219.1
Project("{8BC9CEB8-8B4A-11D0-8D11-00A0C91BC942}") = "Engine", "Engine\Engine.vcxproj", "{8CD64B25-857B-487B-A437-C23C81546F57}"
EndProject
Project("{8BC9CEB8-8B4A-11D0-8D11-00A0C91BC942}") = "TracyApp", "TracyApp\TracyApp.vcxproj", "{4AE509A3-FD3B-4112-99B0-1F8936693D62}"
EndProject
Project("{8BC9CEB8-8B4A-11D0-8D11-00A0C91BC942}") = "libSPEARGen", "Spear\libSPEARGen.vcxproj", "{EC992AE1-CBE6-3D0E-98F8-D69F7C36A60F}"
EndProject
Project("{8BC9CEB8-8B4A-11D0-8D11-00A0C91BC942}") = "libSPEARShaderFactory", "Spear\libSPEARShaderFactory.vcxproj", "{7939922E-419D-3225-9265-E873B0539EE1}"
EndProject
Project("{2150E333-8FDC-42A3-9474-1A3956D46DE8}") = "Spear", "Spear", "{6E7F54B4-A269-44AA-ACF0-5B464B8BED68}"
EndProject
Project("{8BC9CEB8-8B4A-11D0-8D11-00A0C91BC942}") = "SPIRV-Tools", "Spear\libs\spirv-tools\source\SPIRV-Tools.vcxproj", "{15DA8503-BF85-31DC-AD14-6DEFE60616BC}"
EndProject
Project("{8BC9CEB8-8B4A-11D0-8D11-00A0C91BC942}") = "SPIRV-Tools-opt", "Spear\libs\spirv-tools\source\opt\SPIRV-Tools-opt.vcxproj", "{2335987F-C033-385D-9A5C-753C78853926}"
EndProject
Global
	GlobalSection(SolutionConfigurationPlatforms) = preSolution
		Debug|x64 = Debug|x64
		MinSizeRel|x64 = MinSizeRel|x64
		Release|x64 = Release|x64
		RelWithDebInfo|x64 = RelWithDebInfo|x64
	EndGlobalSection
	GlobalSection(ProjectConfigurationPlatforms) = postSolution
		{8CD64B25-857B-487B-A437-C23C81546F57}.Debug|x64.ActiveCfg = Debug|x64
		{8CD64B25-857B-487B-A437-C23C81546F57}.Debug|x64.Build.0 = Debug|x64
		{8CD64B25-857B-487B-A437-C23C81546F57}.MinSizeRel|x64.ActiveCfg = Release|x64
		{8CD64B25-857B-487B-A437-C23C81546F57}.MinSizeRel|x64.Build.0 = Release|x64
		{8CD64B25-857B-487B-A437-C23C81546F57}.Release|x64.ActiveCfg = Release|x64
		{8CD64B25-857B-487B-A437-C23C81546F57}.Release|x64.Build.0 = Release|x64
		{8CD64B25-857B-487B-A437-C23C81546F57}.RelWithDebInfo|x64.ActiveCfg = Release|x64
		{8CD64B25-857B-487B-A437-C23C81546F57}.RelWithDebInfo|x64.Build.0 = Release|x64
		{4AE509A3-FD3B-4112-99B0-1F8936693D62}.Debug|x64.ActiveCfg = Debug|x64
		{4AE509A3-FD3B-4112-99B0-1F8936693D62}.Debug|x64.Build.0 = Debug|x64
		{4AE509A3-FD3B-4112-99B0-1F8936693D62}.MinSizeRel|x64.ActiveCfg = Release|x64
		{4AE509A3-FD3B-4112-99B0-1F8936693D62}.MinSizeRel|x64.Build.0 = Release|x64
		{4AE509A3-FD3B-4112-99B0-1F8936693D62}.Release|x64.ActiveCfg = Release|x64
		{4AE509A3-FD3B-4112-99B0-1F8936693D62}.Release|x64.Build.0 = Release|x64
		{4AE509A3-FD3B-4112-99B0-1F8936693D62}.RelWithDebInfo|x64.ActiveCfg = Release|x64
		{4AE509A3-FD3B-4112-99B0-1F8936693D62}.RelWithDebInfo|x64.Build.0 = Release|x64
		{EC992AE1-CBE6-3D0E-98F8-D69F7C36A60F}.Debug|x64.ActiveCfg = Debug|x64
		{EC992AE1-CBE6-3D0E-98F8-D69F7C36A60F}.Debug|x64.Build.0 = Debug|x64
		{EC992AE1-CBE6-3D0E-98F8-D69F7C36A60F}.MinSizeRel|x64.ActiveCfg = MinSizeRel|x64
		{EC992AE1-CBE6-3D0E-98F8-D69F7C36A60F}.MinSizeRel|x64.Build.0 = MinSizeRel|x64
		{EC992AE1-CBE6-3D0E-98F8-D69F7C36A60F}.Release|x64.ActiveCfg = Release|x64
		{EC992AE1-CBE6-3D0E-98F8-D69F7C36A60F}.Release|x64.Build.0 = Release|x64
		{EC992AE1-CBE6-3D0E-98F8-D69F7C36A60F}.RelWithDebInfo|x64.ActiveCfg = RelWithDebInfo|x64
		{EC992AE1-CBE6-3D0E-98F8-D69F7C36A60F}.RelWithDebInfo|x64.Build.0 = RelWithDebInfo|x64
		{7939922E-419D-3225-9265-E873B0539EE1}.Debug|x64.ActiveCfg = Debug|x64
		{7939922E-419D-3225-9265-E873B0539EE1}.Debug|x64.Build.0 = Debug|x64
		{7939922E-419D-3225-9265-E873B0539EE1}.MinSizeRel|x64.ActiveCfg = MinSizeRel|x64
		{7939922E-419D-3225-9265-E873B0539EE1}.MinSizeRel|x64.Build.0 = MinSizeRel|x64
		{7939922E-419D-3225-9265-E873B0539EE1}.Release|x64.ActiveCfg = Release|x64
		{7939922E-419D-3225-9265-E873B0539EE1}.Release|x64.Build.0 = Release|x64
		{7939922E-419D-3225-9265-E873B0539EE1}.RelWithDebInfo|x64.ActiveCfg = RelWithDebInfo|x64
		{7939922E-419D-3225-9265-E873B0539EE1}.RelWithDebInfo|x64.Build.0 = RelWithDebInfo|x64
		{15DA8503-BF85-31DC-AD14-6DEFE60616BC}.Debug|x64.ActiveCfg = Debug|x64
		{15DA8503-BF85-31DC-AD14-6DEFE60616BC}.Debug|x64.Build.0 = Debug|x64
		{15DA8503-BF85-31DC-AD14-6DEFE60616BC}.MinSizeRel|x64.ActiveCfg = MinSizeRel|x64
		{15DA8503-BF85-31DC-AD14-6DEFE60616BC}.MinSizeRel|x64.Build.0 = MinSizeRel|x64
		{15DA8503-BF85-31DC-AD14-6DEFE60616BC}.Release|x64.ActiveCfg = Release|x64
		{15DA8503-BF85-31DC-AD14-6DEFE60616BC}.Release|x64.Build.0 = Release|x64
		{15DA8503-BF85-31DC-AD14-6DEFE60616BC}.RelWithDebInfo|x64.ActiveCfg = RelWithDebInfo|x64
		{15DA8503-BF85-31DC-AD14-6DEFE60616BC}.RelWithDebInfo|x64.Build.0 = RelWithDebInfo|x64
		{2335987F-C033-385D-9A5C-753C78853926}.Debug|x64.ActiveCfg = Debug|x64
		{2335987F-C033-385D-9A5C-753C78853926}.Debug|x64.Build.0 = Debug|x64
		{2335987F-C033-385D-9A5C-753C78853926}.MinSizeRel|x64.ActiveCfg = MinSizeRel|x64
		{2335987F-C033-385D-9A5C-753C78853926}.MinSizeRel|x64.Build.0 = MinSizeRel|x64
		{2335987F-C033-385D-9A5C-753C78853926}.Release|x64.ActiveCfg = Release|x64
		{2335987F-C033-385D-9A5C-753C78853926}.Release|x64.Build.0 = Release|x64
		{2335987F-C033-385D-9A5C-753C78853926}.RelWithDebInfo|x64.ActiveCfg = RelWithDebInfo|x64
		{2335987F-C033-385D-9A5C-753C78853926}.RelWithDebInfo|x64.Build.0 = RelWithDebInfo|x64
	EndGlobalSection
	GlobalSection(SolutionProperties) = preSolution
		HideSolutionNode = FALSE
	EndGlobalSection
	GlobalSection(NestedProjects) = preSolution
		{EC992AE1-CBE6-3D0E-98F8-D69F7C36A60F} = {6E7F54B4-A269-44AA-ACF0-5B464B8BED68}
		{7939922E-419D-3225-9265-E873B0539EE1} = {6E7F54B4-A269-44AA-ACF0-5B464B8BED68}
		{15DA8503-BF85-31DC-AD14-6DEFE60616BC} = {6E7F54B4-A269-44AA-ACF0-5B464B8BED68}
		{2335987F-C033-385D-9A5C-753C78853926} = {6E7F54B4-A269-44AA-ACF0-5B464B8BED68}
	EndGlobalSection
	GlobalSection(ExtensibilityGlobals) = postSolution
		SolutionGuid = {97AA53BB-1317-4A1C-8070-C64496D33CDC}
		Qt5Version = $(DefaultQtVersion)
	EndGlobalSection
EndGlobal
