<?xml version="1.0" encoding="utf-8"?>
<Project ToolsVersion="4.0" xmlns="http://schemas.microsoft.com/developer/msbuild/2003">
  <ItemGroup>
    <Filter Include="Source Files">
      <UniqueIdentifier>{4FC737F1-C7A5-4376-A066-2A32D752A2FF}</UniqueIdentifier>
      <Extensions>cpp;c;cc;cxx;def;odl;idl;hpj;bat;asm;asmx</Extensions>
    </Filter>
    <Filter Include="Header Files">
      <UniqueIdentifier>{93995380-89BD-4b04-88EB-625FBE52EBFB}</UniqueIdentifier>
      <Extensions>h;hh;hpp;hxx;hm;inl;inc;xsd</Extensions>
    </Filter>
    <Filter Include="Resource Files">
      <UniqueIdentifier>{67DA6AB6-F800-4c08-8B7A-83BB121AAD01}</UniqueIdentifier>
      <Extensions>rc;ico;cur;bmp;dlg;rc2;rct;bin;rgs;gif;jpg;jpeg;jpe;resx;tiff;tif;png;wav;mfcribbon-ms</Extensions>
    </Filter>
    <Filter Include="libspirv">
      <UniqueIdentifier>{f33af7f8-787d-49ba-8637-535f25d37eef}</UniqueIdentifier>
    </Filter>
  </ItemGroup>
  <ItemGroup>
    <ClInclude Include="spirv-tools\source\opt\aggressive_dead_code_elim_pass.h">
      <Filter>Header Files</Filter>
    </ClInclude>
    <ClInclude Include="spirv-tools\source\opt\basic_block.h">
      <Filter>Header Files</Filter>
    </ClInclude>
    <ClInclude Include="spirv-tools\source\opt\block_merge_pass.h">
      <Filter>Header Files</Filter>
    </ClInclude>
    <ClInclude Include="spirv-tools\source\opt\build_module.h">
      <Filter>Header Files</Filter>
    </ClInclude>
    <ClInclude Include="spirv-tools\source\opt\ccp_pass.h">
      <Filter>Header Files</Filter>
    </ClInclude>
    <ClInclude Include="spirv-tools\source\opt\cfg.h">
      <Filter>Header Files</Filter>
    </ClInclude>
    <ClInclude Include="spirv-tools\source\opt\cfg_cleanup_pass.h">
      <Filter>Header Files</Filter>
    </ClInclude>
    <ClInclude Include="spirv-tools\source\opt\common_uniform_elim_pass.h">
      <Filter>Header Files</Filter>
    </ClInclude>
    <ClInclude Include="spirv-tools\source\opt\compact_ids_pass.h">
      <Filter>Header Files</Filter>
    </ClInclude>
    <ClInclude Include="spirv-tools\source\opt\composite.h">
      <Filter>Header Files</Filter>
    </ClInclude>
    <ClInclude Include="spirv-tools\source\opt\const_folding_rules.h">
      <Filter>Header Files</Filter>
    </ClInclude>
    <ClInclude Include="spirv-tools\source\opt\constants.h">
      <Filter>Header Files</Filter>
    </ClInclude>
    <ClInclude Include="spirv-tools\source\opt\dead_branch_elim_pass.h">
      <Filter>Header Files</Filter>
    </ClInclude>
    <ClInclude Include="spirv-tools\source\opt\dead_insert_elim_pass.h">
      <Filter>Header Files</Filter>
    </ClInclude>
    <ClInclude Include="spirv-tools\source\opt\dead_variable_elimination.h">
      <Filter>Header Files</Filter>
    </ClInclude>
    <ClInclude Include="spirv-tools\source\opt\decoration_manager.h">
      <Filter>Header Files</Filter>
    </ClInclude>
    <ClInclude Include="spirv-tools\source\opt\def_use_manager.h">
      <Filter>Header Files</Filter>
    </ClInclude>
    <ClInclude Include="spirv-tools\source\opt\dominator_analysis.h">
      <Filter>Header Files</Filter>
    </ClInclude>
    <ClInclude Include="spirv-tools\source\opt\dominator_tree.h">
      <Filter>Header Files</Filter>
    </ClInclude>
    <ClInclude Include="spirv-tools\source\opt\eliminate_dead_constant_pass.h">
      <Filter>Header Files</Filter>
    </ClInclude>
    <ClInclude Include="spirv-tools\source\opt\eliminate_dead_functions_pass.h">
      <Filter>Header Files</Filter>
    </ClInclude>
    <ClInclude Include="spirv-tools\source\opt\feature_manager.h">
      <Filter>Header Files</Filter>
    </ClInclude>
    <ClInclude Include="spirv-tools\source\opt\flatten_decoration_pass.h">
      <Filter>Header Files</Filter>
    </ClInclude>
    <ClInclude Include="spirv-tools\source\opt\fold.h">
      <Filter>Header Files</Filter>
    </ClInclude>
    <ClInclude Include="spirv-tools\source\opt\fold_spec_constant_op_and_composite_pass.h">
      <Filter>Header Files</Filter>
    </ClInclude>
    <ClInclude Include="spirv-tools\source\opt\folding_rules.h">
      <Filter>Header Files</Filter>
    </ClInclude>
    <ClInclude Include="spirv-tools\source\opt\freeze_spec_constant_value_pass.h">
      <Filter>Header Files</Filter>
    </ClInclude>
    <ClInclude Include="spirv-tools\source\opt\function.h">
      <Filter>Header Files</Filter>
    </ClInclude>
    <ClInclude Include="spirv-tools\source\opt\if_conversion.h">
      <Filter>Header Files</Filter>
    </ClInclude>
    <ClInclude Include="spirv-tools\source\opt\inline_exhaustive_pass.h">
      <Filter>Header Files</Filter>
    </ClInclude>
    <ClInclude Include="spirv-tools\source\opt\inline_opaque_pass.h">
      <Filter>Header Files</Filter>
    </ClInclude>
    <ClInclude Include="spirv-tools\source\opt\inline_pass.h">
      <Filter>Header Files</Filter>
    </ClInclude>
    <ClInclude Include="spirv-tools\source\opt\insert_extract_elim.h">
      <Filter>Header Files</Filter>
    </ClInclude>
    <ClInclude Include="spirv-tools\source\opt\instruction.h">
      <Filter>Header Files</Filter>
    </ClInclude>
    <ClInclude Include="spirv-tools\source\opt\instruction_list.h">
      <Filter>Header Files</Filter>
    </ClInclude>
    <ClInclude Include="spirv-tools\source\opt\ir_builder.h">
      <Filter>Header Files</Filter>
    </ClInclude>
    <ClInclude Include="spirv-tools\source\opt\ir_context.h">
      <Filter>Header Files</Filter>
    </ClInclude>
    <ClInclude Include="spirv-tools\source\opt\ir_loader.h">
      <Filter>Header Files</Filter>
    </ClInclude>
    <ClInclude Include="spirv-tools\source\opt\iterator.h">
      <Filter>Header Files</Filter>
    </ClInclude>
    <ClInclude Include="spirv-tools\source\opt\licm_pass.h">
      <Filter>Header Files</Filter>
    </ClInclude>
    <ClInclude Include="spirv-tools\source\opt\local_access_chain_convert_pass.h">
      <Filter>Header Files</Filter>
    </ClInclude>
    <ClInclude Include="spirv-tools\source\opt\local_redundancy_elimination.h">
      <Filter>Header Files</Filter>
    </ClInclude>
    <ClInclude Include="spirv-tools\source\opt\local_single_block_elim_pass.h">
      <Filter>Header Files</Filter>
    </ClInclude>
    <ClInclude Include="spirv-tools\source\opt\local_single_store_elim_pass.h">
      <Filter>Header Files</Filter>
    </ClInclude>
    <ClInclude Include="spirv-tools\source\opt\local_ssa_elim_pass.h">
      <Filter>Header Files</Filter>
    </ClInclude>
    <ClInclude Include="spirv-tools\source\opt\log.h">
      <Filter>Header Files</Filter>
    </ClInclude>
    <ClInclude Include="spirv-tools\source\opt\loop_descriptor.h">
      <Filter>Header Files</Filter>
    </ClInclude>
    <ClInclude Include="spirv-tools\source\opt\loop_unroller.h">
      <Filter>Header Files</Filter>
    </ClInclude>
    <ClInclude Include="spirv-tools\source\opt\loop_utils.h">
      <Filter>Header Files</Filter>
    </ClInclude>
    <ClInclude Include="spirv-tools\source\opt\make_unique.h">
      <Filter>Header Files</Filter>
    </ClInclude>
    <ClInclude Include="spirv-tools\source\opt\mem_pass.h">
      <Filter>Header Files</Filter>
    </ClInclude>
    <ClInclude Include="spirv-tools\source\opt\merge_return_pass.h">
      <Filter>Header Files</Filter>
    </ClInclude>
    <ClInclude Include="spirv-tools\source\opt\module.h">
      <Filter>Header Files</Filter>
    </ClInclude>
    <ClInclude Include="spirv-tools\source\opt\null_pass.h">
      <Filter>Header Files</Filter>
    </ClInclude>
    <ClInclude Include="spirv-tools\source\opt\pass.h">
      <Filter>Header Files</Filter>
    </ClInclude>
    <ClInclude Include="spirv-tools\source\opt\pass_manager.h">
      <Filter>Header Files</Filter>
    </ClInclude>
    <ClInclude Include="spirv-tools\source\opt\passes.h">
      <Filter>Header Files</Filter>
    </ClInclude>
    <ClInclude Include="spirv-tools\source\opt\private_to_local_pass.h">
      <Filter>Header Files</Filter>
    </ClInclude>
    <ClInclude Include="spirv-tools\source\opt\propagator.h">
      <Filter>Header Files</Filter>
    </ClInclude>
    <ClInclude Include="spirv-tools\source\opt\redundancy_elimination.h">
      <Filter>Header Files</Filter>
    </ClInclude>
    <ClInclude Include="spirv-tools\source\opt\reflect.h">
      <Filter>Header Files</Filter>
    </ClInclude>
    <ClInclude Include="spirv-tools\source\opt\remove_duplicates_pass.h">
      <Filter>Header Files</Filter>
    </ClInclude>
    <ClInclude Include="spirv-tools\source\opt\replace_invalid_opc.h">
      <Filter>Header Files</Filter>
    </ClInclude>
    <ClInclude Include="spirv-tools\source\opt\scalar_replacement_pass.h">
      <Filter>Header Files</Filter>
    </ClInclude>
    <ClInclude Include="spirv-tools\source\opt\set_spec_constant_default_value_pass.h">
      <Filter>Header Files</Filter>
    </ClInclude>
    <ClInclude Include="spirv-tools\source\opt\simplification_pass.h">
      <Filter>Header Files</Filter>
    </ClInclude>
    <ClInclude Include="spirv-tools\source\opt\strength_reduction_pass.h">
      <Filter>Header Files</Filter>
    </ClInclude>
    <ClInclude Include="spirv-tools\source\opt\strip_debug_info_pass.h">
      <Filter>Header Files</Filter>
    </ClInclude>
    <ClInclude Include="spirv-tools\source\opt\tree_iterator.h">
      <Filter>Header Files</Filter>
    </ClInclude>
    <ClInclude Include="spirv-tools\source\opt\type_manager.h">
      <Filter>Header Files</Filter>
    </ClInclude>
    <ClInclude Include="spirv-tools\source\opt\types.h">
      <Filter>Header Files</Filter>
    </ClInclude>
    <ClInclude Include="spirv-tools\source\opt\unify_const_pass.h">
      <Filter>Header Files</Filter>
    </ClInclude>
    <ClInclude Include="spirv-tools\source\opt\value_number_table.h">
      <Filter>Header Files</Filter>
    </ClInclude>
    <ClInclude Include="spirv-tools\source\opt\workaround1209.h">
      <Filter>Header Files</Filter>
    </ClInclude>
  </ItemGroup>
  <ItemGroup>
    <ClCompile Include="spirv-tools\source\opt\aggressive_dead_code_elim_pass.cpp">
      <Filter>Source Files</Filter>
    </ClCompile>
    <ClCompile Include="spirv-tools\source\opt\basic_block.cpp">
      <Filter>Source Files</Filter>
    </ClCompile>
    <ClCompile Include="spirv-tools\source\opt\block_merge_pass.cpp">
      <Filter>Source Files</Filter>
    </ClCompile>
    <ClCompile Include="spirv-tools\source\opt\build_module.cpp">
      <Filter>Source Files</Filter>
    </ClCompile>
    <ClCompile Include="spirv-tools\source\opt\ccp_pass.cpp">
      <Filter>Source Files</Filter>
    </ClCompile>
    <ClCompile Include="spirv-tools\source\opt\cfg.cpp">
      <Filter>Source Files</Filter>
    </ClCompile>
    <ClCompile Include="spirv-tools\source\opt\cfg_cleanup_pass.cpp">
      <Filter>Source Files</Filter>
    </ClCompile>
    <ClCompile Include="spirv-tools\source\opt\common_uniform_elim_pass.cpp">
      <Filter>Source Files</Filter>
    </ClCompile>
    <ClCompile Include="spirv-tools\source\opt\compact_ids_pass.cpp">
      <Filter>Source Files</Filter>
    </ClCompile>
    <ClCompile Include="spirv-tools\source\opt\composite.cpp">
      <Filter>Source Files</Filter>
    </ClCompile>
    <ClCompile Include="spirv-tools\source\opt\const_folding_rules.cpp">
      <Filter>Source Files</Filter>
    </ClCompile>
    <ClCompile Include="spirv-tools\source\opt\constants.cpp">
      <Filter>Source Files</Filter>
    </ClCompile>
    <ClCompile Include="spirv-tools\source\opt\dead_branch_elim_pass.cpp">
      <Filter>Source Files</Filter>
    </ClCompile>
    <ClCompile Include="spirv-tools\source\opt\dead_insert_elim_pass.cpp">
      <Filter>Source Files</Filter>
    </ClCompile>
    <ClCompile Include="spirv-tools\source\opt\dead_variable_elimination.cpp">
      <Filter>Source Files</Filter>
    </ClCompile>
    <ClCompile Include="spirv-tools\source\opt\decoration_manager.cpp">
      <Filter>Source Files</Filter>
    </ClCompile>
    <ClCompile Include="spirv-tools\source\opt\def_use_manager.cpp">
      <Filter>Source Files</Filter>
    </ClCompile>
    <ClCompile Include="spirv-tools\source\opt\dominator_analysis.cpp">
      <Filter>Source Files</Filter>
    </ClCompile>
    <ClCompile Include="spirv-tools\source\opt\dominator_tree.cpp">
      <Filter>Source Files</Filter>
    </ClCompile>
    <ClCompile Include="spirv-tools\source\opt\eliminate_dead_constant_pass.cpp">
      <Filter>Source Files</Filter>
    </ClCompile>
    <ClCompile Include="spirv-tools\source\opt\eliminate_dead_functions_pass.cpp">
      <Filter>Source Files</Filter>
    </ClCompile>
    <ClCompile Include="spirv-tools\source\opt\feature_manager.cpp">
      <Filter>Source Files</Filter>
    </ClCompile>
    <ClCompile Include="spirv-tools\source\opt\flatten_decoration_pass.cpp">
      <Filter>Source Files</Filter>
    </ClCompile>
    <ClCompile Include="spirv-tools\source\opt\fold.cpp">
      <Filter>Source Files</Filter>
    </ClCompile>
    <ClCompile Include="spirv-tools\source\opt\fold_spec_constant_op_and_composite_pass.cpp">
      <Filter>Source Files</Filter>
    </ClCompile>
    <ClCompile Include="spirv-tools\source\opt\folding_rules.cpp">
      <Filter>Source Files</Filter>
    </ClCompile>
    <ClCompile Include="spirv-tools\source\opt\freeze_spec_constant_value_pass.cpp">
      <Filter>Source Files</Filter>
    </ClCompile>
    <ClCompile Include="spirv-tools\source\opt\function.cpp">
      <Filter>Source Files</Filter>
    </ClCompile>
    <ClCompile Include="spirv-tools\source\opt\if_conversion.cpp">
      <Filter>Source Files</Filter>
    </ClCompile>
    <ClCompile Include="spirv-tools\source\opt\inline_exhaustive_pass.cpp">
      <Filter>Source Files</Filter>
    </ClCompile>
    <ClCompile Include="spirv-tools\source\opt\inline_opaque_pass.cpp">
      <Filter>Source Files</Filter>
    </ClCompile>
    <ClCompile Include="spirv-tools\source\opt\inline_pass.cpp">
      <Filter>Source Files</Filter>
    </ClCompile>
    <ClCompile Include="spirv-tools\source\opt\insert_extract_elim.cpp">
      <Filter>Source Files</Filter>
    </ClCompile>
    <ClCompile Include="spirv-tools\source\opt\instruction.cpp">
      <Filter>Source Files</Filter>
    </ClCompile>
    <ClCompile Include="spirv-tools\source\opt\instruction_list.cpp">
      <Filter>Source Files</Filter>
    </ClCompile>
    <ClCompile Include="spirv-tools\source\opt\ir_context.cpp">
      <Filter>Source Files</Filter>
    </ClCompile>
    <ClCompile Include="spirv-tools\source\opt\ir_loader.cpp">
      <Filter>Source Files</Filter>
    </ClCompile>
    <ClCompile Include="spirv-tools\source\opt\licm_pass.cpp">
      <Filter>Source Files</Filter>
    </ClCompile>
    <ClCompile Include="spirv-tools\source\opt\local_access_chain_convert_pass.cpp">
      <Filter>Source Files</Filter>
    </ClCompile>
    <ClCompile Include="spirv-tools\source\opt\local_redundancy_elimination.cpp">
      <Filter>Source Files</Filter>
    </ClCompile>
    <ClCompile Include="spirv-tools\source\opt\local_single_block_elim_pass.cpp">
      <Filter>Source Files</Filter>
    </ClCompile>
    <ClCompile Include="spirv-tools\source\opt\local_single_store_elim_pass.cpp">
      <Filter>Source Files</Filter>
    </ClCompile>
    <ClCompile Include="spirv-tools\source\opt\local_ssa_elim_pass.cpp">
      <Filter>Source Files</Filter>
    </ClCompile>
    <ClCompile Include="spirv-tools\source\opt\loop_descriptor.cpp">
      <Filter>Source Files</Filter>
    </ClCompile>
    <ClCompile Include="spirv-tools\source\opt\loop_unroller.cpp">
      <Filter>Source Files</Filter>
    </ClCompile>
    <ClCompile Include="spirv-tools\source\opt\loop_utils.cpp">
      <Filter>Source Files</Filter>
    </ClCompile>
    <ClCompile Include="spirv-tools\source\opt\mem_pass.cpp">
      <Filter>Source Files</Filter>
    </ClCompile>
    <ClCompile Include="spirv-tools\source\opt\merge_return_pass.cpp">
      <Filter>Source Files</Filter>
    </ClCompile>
    <ClCompile Include="spirv-tools\source\opt\module.cpp">
      <Filter>Source Files</Filter>
    </ClCompile>
    <ClCompile Include="spirv-tools\source\opt\optimizer.cpp">
      <Filter>Source Files</Filter>
    </ClCompile>
    <ClCompile Include="spirv-tools\source\opt\pass.cpp">
      <Filter>Source Files</Filter>
    </ClCompile>
    <ClCompile Include="spirv-tools\source\opt\pass_manager.cpp">
      <Filter>Source Files</Filter>
    </ClCompile>
    <ClCompile Include="spirv-tools\source\opt\private_to_local_pass.cpp">
      <Filter>Source Files</Filter>
    </ClCompile>
    <ClCompile Include="spirv-tools\source\opt\propagator.cpp">
      <Filter>Source Files</Filter>
    </ClCompile>
    <ClCompile Include="spirv-tools\source\opt\redundancy_elimination.cpp">
      <Filter>Source Files</Filter>
    </ClCompile>
    <ClCompile Include="spirv-tools\source\opt\remove_duplicates_pass.cpp">
      <Filter>Source Files</Filter>
    </ClCompile>
    <ClCompile Include="spirv-tools\source\opt\replace_invalid_opc.cpp">
      <Filter>Source Files</Filter>
    </ClCompile>
    <ClCompile Include="spirv-tools\source\opt\scalar_replacement_pass.cpp">
      <Filter>Source Files</Filter>
    </ClCompile>
    <ClCompile Include="spirv-tools\source\opt\set_spec_constant_default_value_pass.cpp">
      <Filter>Source Files</Filter>
    </ClCompile>
    <ClCompile Include="spirv-tools\source\opt\simplification_pass.cpp">
      <Filter>Source Files</Filter>
    </ClCompile>
    <ClCompile Include="spirv-tools\source\opt\strength_reduction_pass.cpp">
      <Filter>Source Files</Filter>
    </ClCompile>
    <ClCompile Include="spirv-tools\source\opt\strip_debug_info_pass.cpp">
      <Filter>Source Files</Filter>
    </ClCompile>
    <ClCompile Include="spirv-tools\source\opt\type_manager.cpp">
      <Filter>Source Files</Filter>
    </ClCompile>
    <ClCompile Include="spirv-tools\source\opt\types.cpp">
      <Filter>Source Files</Filter>
    </ClCompile>
    <ClCompile Include="spirv-tools\source\opt\unify_const_pass.cpp">
      <Filter>Source Files</Filter>
    </ClCompile>
    <ClCompile Include="spirv-tools\source\opt\value_number_table.cpp">
      <Filter>Source Files</Filter>
    </ClCompile>
    <ClCompile Include="spirv-tools\source\opt\workaround1209.cpp">
      <Filter>Source Files</Filter>
    </ClCompile>
    <ClCompile Include="spirv-tools\source\libspirv.cpp">
      <Filter>libspirv</Filter>
    </ClCompile>
    <ClCompile Include="spirv-tools\source\validate_type_unique.cpp">
      <Filter>libspirv</Filter>
    </ClCompile>
    <ClCompile Include="spirv-tools\source\validate_primitives.cpp">
      <Filter>libspirv</Filter>
    </ClCompile>
    <ClCompile Include="spirv-tools\source\validate_logicals.cpp">
      <Filter>libspirv</Filter>
    </ClCompile>
    <ClCompile Include="spirv-tools\source\validate_literals.cpp">
      <Filter>libspirv</Filter>
    </ClCompile>
    <ClCompile Include="spirv-tools\source\validate_layout.cpp">
      <Filter>libspirv</Filter>
    </ClCompile>
    <ClCompile Include="spirv-tools\source\validate_instruction.cpp">
      <Filter>libspirv</Filter>
    </ClCompile>
    <ClCompile Include="spirv-tools\source\validate_image.cpp">
      <Filter>libspirv</Filter>
    </ClCompile>
    <ClCompile Include="spirv-tools\source\validate_id.cpp">
      <Filter>libspirv</Filter>
    </ClCompile>
    <ClCompile Include="spirv-tools\source\validate_ext_inst.cpp">
      <Filter>libspirv</Filter>
    </ClCompile>
    <ClCompile Include="spirv-tools\source\validate_derivatives.cpp">
      <Filter>libspirv</Filter>
    </ClCompile>
    <ClCompile Include="spirv-tools\source\validate_decorations.cpp">
      <Filter>libspirv</Filter>
    </ClCompile>
    <ClCompile Include="spirv-tools\source\validate_datarules.cpp">
      <Filter>libspirv</Filter>
    </ClCompile>
    <ClCompile Include="spirv-tools\source\validate_conversion.cpp">
      <Filter>libspirv</Filter>
    </ClCompile>
    <ClCompile Include="spirv-tools\source\validate_composites.cpp">
      <Filter>libspirv</Filter>
    </ClCompile>
    <ClCompile Include="spirv-tools\source\validate_cfg.cpp">
      <Filter>libspirv</Filter>
    </ClCompile>
    <ClCompile Include="spirv-tools\source\validate_capability.cpp">
      <Filter>libspirv</Filter>
    </ClCompile>
    <ClCompile Include="spirv-tools\source\validate_bitwise.cpp">
      <Filter>libspirv</Filter>
    </ClCompile>
    <ClCompile Include="spirv-tools\source\validate_barriers.cpp">
      <Filter>libspirv</Filter>
    </ClCompile>
    <ClCompile Include="spirv-tools\source\validate_atomics.cpp">
      <Filter>libspirv</Filter>
    </ClCompile>
    <ClCompile Include="spirv-tools\source\validate_arithmetics.cpp">
      <Filter>libspirv</Filter>
    </ClCompile>
    <ClCompile Include="spirv-tools\source\validate_adjacency.cpp">
      <Filter>libspirv</Filter>
    </ClCompile>
    <ClCompile Include="spirv-tools\source\validate.cpp">
      <Filter>libspirv</Filter>
    </ClCompile>
    <ClCompile Include="spirv-tools\source\text_handler.cpp">
      <Filter>libspirv</Filter>
    </ClCompile>
    <ClCompile Include="spirv-tools\source\text.cpp">
      <Filter>libspirv</Filter>
    </ClCompile>
    <ClCompile Include="spirv-tools\source\table.cpp">
      <Filter>libspirv</Filter>
    </ClCompile>
    <ClCompile Include="spirv-tools\source\spirv_validator_options.cpp">
      <Filter>libspirv</Filter>
    </ClCompile>
    <ClCompile Include="spirv-tools\source\spirv_target_env.cpp">
      <Filter>libspirv</Filter>
    </ClCompile>
    <ClCompile Include="spirv-tools\source\spirv_stats.cpp">
      <Filter>libspirv</Filter>
    </ClCompile>
    <ClCompile Include="spirv-tools\source\spirv_endian.cpp">
      <Filter>libspirv</Filter>
    </ClCompile>
    <ClCompile Include="spirv-tools\source\software_version.cpp">
      <Filter>libspirv</Filter>
    </ClCompile>
    <ClCompile Include="spirv-tools\source\print.cpp">
      <Filter>libspirv</Filter>
    </ClCompile>
    <ClCompile Include="spirv-tools\source\parsed_operand.cpp">
      <Filter>libspirv</Filter>
    </ClCompile>
    <ClCompile Include="spirv-tools\source\operand.cpp">
      <Filter>libspirv</Filter>
    </ClCompile>
    <ClCompile Include="spirv-tools\source\opcode.cpp">
      <Filter>libspirv</Filter>
    </ClCompile>
    <ClCompile Include="spirv-tools\source\name_mapper.cpp">
      <Filter>libspirv</Filter>
    </ClCompile>
    <ClCompile Include="spirv-tools\source\message.cpp">
      <Filter>libspirv</Filter>
    </ClCompile>
    <ClCompile Include="spirv-tools\source\id_descriptor.cpp">
      <Filter>libspirv</Filter>
    </ClCompile>
    <ClCompile Include="spirv-tools\source\extensions.cpp">
      <Filter>libspirv</Filter>
    </ClCompile>
    <ClCompile Include="spirv-tools\source\ext_inst.cpp">
      <Filter>libspirv</Filter>
    </ClCompile>
    <ClCompile Include="spirv-tools\source\enum_string_mapping.cpp">
      <Filter>libspirv</Filter>
    </ClCompile>
    <ClCompile Include="spirv-tools\source\disassemble.cpp">
      <Filter>libspirv</Filter>
    </ClCompile>
    <ClCompile Include="spirv-tools\source\diagnostic.cpp">
      <Filter>libspirv</Filter>
    </ClCompile>
    <ClCompile Include="spirv-tools\source\binary.cpp">
      <Filter>libspirv</Filter>
    </ClCompile>
    <ClCompile Include="spirv-tools\source\assembly_grammar.cpp">
      <Filter>libspirv</Filter>
    </ClCompile>
  </ItemGroup>
</Project>